
Microsoft Visual Studio Solution File, Format Version 12.00
# Visual Studio 2013
VisualStudioVersion = 12.0.40629.0
MinimumVisualStudioVersion = 10.0.40219.1
Project("{FAE04EC0-301F-11D3-BF4B-00C04F79EFBC}") = "FHSDKPhone", "FHSDKPhone\FHSDKPhone.csproj", "{ACAE6DD3-B818-4FD9-B33B-FA426B3C4802}"
EndProject
Project("{FAE04EC0-301F-11D3-BF4B-00C04F79EFBC}") = "FHSDK", "FHSDK\FHSDK.csproj", "{AD87DBE9-8247-47CD-B6D2-16B63CBBC9E7}"
EndProject
Project("{FAE04EC0-301F-11D3-BF4B-00C04F79EFBC}") = "FHSDKPortable", "FHSDKPortable\FHSDKPortable.csproj", "{71DD40E5-AB2F-4102-AEA6-BD1C33651A1A}"
EndProject
Project("{FAE04EC0-301F-11D3-BF4B-00C04F79EFBC}") = "tests", "tests\tests.csproj", "{48C770A4-D1F6-4C4B-989E-C216AA4148D9}"
EndProject
Project("{FAE04EC0-301F-11D3-BF4B-00C04F79EFBC}") = "tests-phone", "tests-phone\tests-phone.csproj", "{D15124E2-A4F1-4D96-AA84-3516C3369C81}"
EndProject
Global
	GlobalSection(SolutionConfigurationPlatforms) = preSolution
		Ad-Hoc|Any CPU = Ad-Hoc|Any CPU
		Ad-Hoc|ARM = Ad-Hoc|ARM
		Ad-Hoc|iPhone = Ad-Hoc|iPhone
		Ad-Hoc|iPhoneSimulator = Ad-Hoc|iPhoneSimulator
		Ad-Hoc|Mixed Platforms = Ad-Hoc|Mixed Platforms
		Ad-Hoc|x64 = Ad-Hoc|x64
		Ad-Hoc|x86 = Ad-Hoc|x86
		AppStore|Any CPU = AppStore|Any CPU
		AppStore|ARM = AppStore|ARM
		AppStore|iPhone = AppStore|iPhone
		AppStore|iPhoneSimulator = AppStore|iPhoneSimulator
		AppStore|Mixed Platforms = AppStore|Mixed Platforms
		AppStore|x64 = AppStore|x64
		AppStore|x86 = AppStore|x86
		Debug|Any CPU = Debug|Any CPU
		Debug|ARM = Debug|ARM
		Debug|iPhone = Debug|iPhone
		Debug|iPhoneSimulator = Debug|iPhoneSimulator
		Debug|Mixed Platforms = Debug|Mixed Platforms
		Debug|x64 = Debug|x64
		Debug|x86 = Debug|x86
		Release|Any CPU = Release|Any CPU
		Release|ARM = Release|ARM
		Release|iPhone = Release|iPhone
		Release|iPhoneSimulator = Release|iPhoneSimulator
		Release|Mixed Platforms = Release|Mixed Platforms
		Release|x64 = Release|x64
		Release|x86 = Release|x86
	EndGlobalSection
	GlobalSection(ProjectConfigurationPlatforms) = postSolution
		{ACAE6DD3-B818-4FD9-B33B-FA426B3C4802}.Ad-Hoc|Any CPU.ActiveCfg = Release|Any CPU
		{ACAE6DD3-B818-4FD9-B33B-FA426B3C4802}.Ad-Hoc|Any CPU.Build.0 = Release|Any CPU
		{ACAE6DD3-B818-4FD9-B33B-FA426B3C4802}.Ad-Hoc|ARM.ActiveCfg = Release|ARM
		{ACAE6DD3-B818-4FD9-B33B-FA426B3C4802}.Ad-Hoc|ARM.Build.0 = Release|ARM
		{ACAE6DD3-B818-4FD9-B33B-FA426B3C4802}.Ad-Hoc|iPhone.ActiveCfg = Release|Any CPU
		{ACAE6DD3-B818-4FD9-B33B-FA426B3C4802}.Ad-Hoc|iPhoneSimulator.ActiveCfg = Release|Any CPU
		{ACAE6DD3-B818-4FD9-B33B-FA426B3C4802}.Ad-Hoc|Mixed Platforms.ActiveCfg = Release|x86
		{ACAE6DD3-B818-4FD9-B33B-FA426B3C4802}.Ad-Hoc|Mixed Platforms.Build.0 = Release|x86
		{ACAE6DD3-B818-4FD9-B33B-FA426B3C4802}.Ad-Hoc|x64.ActiveCfg = Debug|Any CPU
		{ACAE6DD3-B818-4FD9-B33B-FA426B3C4802}.Ad-Hoc|x86.ActiveCfg = Release|x86
		{ACAE6DD3-B818-4FD9-B33B-FA426B3C4802}.Ad-Hoc|x86.Build.0 = Release|x86
		{ACAE6DD3-B818-4FD9-B33B-FA426B3C4802}.AppStore|Any CPU.ActiveCfg = Release|Any CPU
		{ACAE6DD3-B818-4FD9-B33B-FA426B3C4802}.AppStore|Any CPU.Build.0 = Release|Any CPU
		{ACAE6DD3-B818-4FD9-B33B-FA426B3C4802}.AppStore|ARM.ActiveCfg = Release|ARM
		{ACAE6DD3-B818-4FD9-B33B-FA426B3C4802}.AppStore|ARM.Build.0 = Release|ARM
		{ACAE6DD3-B818-4FD9-B33B-FA426B3C4802}.AppStore|iPhone.ActiveCfg = Release|Any CPU
		{ACAE6DD3-B818-4FD9-B33B-FA426B3C4802}.AppStore|iPhoneSimulator.ActiveCfg = Release|Any CPU
		{ACAE6DD3-B818-4FD9-B33B-FA426B3C4802}.AppStore|Mixed Platforms.ActiveCfg = Release|x86
		{ACAE6DD3-B818-4FD9-B33B-FA426B3C4802}.AppStore|Mixed Platforms.Build.0 = Release|x86
		{ACAE6DD3-B818-4FD9-B33B-FA426B3C4802}.AppStore|x64.ActiveCfg = Debug|Any CPU
		{ACAE6DD3-B818-4FD9-B33B-FA426B3C4802}.AppStore|x86.ActiveCfg = Release|x86
		{ACAE6DD3-B818-4FD9-B33B-FA426B3C4802}.AppStore|x86.Build.0 = Release|x86
		{ACAE6DD3-B818-4FD9-B33B-FA426B3C4802}.Debug|Any CPU.ActiveCfg = Debug|Any CPU
		{ACAE6DD3-B818-4FD9-B33B-FA426B3C4802}.Debug|Any CPU.Build.0 = Debug|Any CPU
		{ACAE6DD3-B818-4FD9-B33B-FA426B3C4802}.Debug|ARM.ActiveCfg = Debug|ARM
		{ACAE6DD3-B818-4FD9-B33B-FA426B3C4802}.Debug|ARM.Build.0 = Debug|ARM
		{ACAE6DD3-B818-4FD9-B33B-FA426B3C4802}.Debug|iPhone.ActiveCfg = Debug|Any CPU
		{ACAE6DD3-B818-4FD9-B33B-FA426B3C4802}.Debug|iPhoneSimulator.ActiveCfg = Debug|Any CPU
		{ACAE6DD3-B818-4FD9-B33B-FA426B3C4802}.Debug|Mixed Platforms.ActiveCfg = Debug|x86
		{ACAE6DD3-B818-4FD9-B33B-FA426B3C4802}.Debug|Mixed Platforms.Build.0 = Debug|x86
		{ACAE6DD3-B818-4FD9-B33B-FA426B3C4802}.Debug|x64.ActiveCfg = Debug|Any CPU
		{ACAE6DD3-B818-4FD9-B33B-FA426B3C4802}.Debug|x86.ActiveCfg = Debug|x86
		{ACAE6DD3-B818-4FD9-B33B-FA426B3C4802}.Debug|x86.Build.0 = Debug|x86
		{ACAE6DD3-B818-4FD9-B33B-FA426B3C4802}.Release|Any CPU.ActiveCfg = Release|Any CPU
		{ACAE6DD3-B818-4FD9-B33B-FA426B3C4802}.Release|Any CPU.Build.0 = Release|Any CPU
		{ACAE6DD3-B818-4FD9-B33B-FA426B3C4802}.Release|ARM.ActiveCfg = Release|ARM
		{ACAE6DD3-B818-4FD9-B33B-FA426B3C4802}.Release|ARM.Build.0 = Release|ARM
		{ACAE6DD3-B818-4FD9-B33B-FA426B3C4802}.Release|iPhone.ActiveCfg = Release|Any CPU
		{ACAE6DD3-B818-4FD9-B33B-FA426B3C4802}.Release|iPhoneSimulator.ActiveCfg = Release|Any CPU
		{ACAE6DD3-B818-4FD9-B33B-FA426B3C4802}.Release|Mixed Platforms.ActiveCfg = Release|x86
		{ACAE6DD3-B818-4FD9-B33B-FA426B3C4802}.Release|Mixed Platforms.Build.0 = Release|x86
		{ACAE6DD3-B818-4FD9-B33B-FA426B3C4802}.Release|x64.ActiveCfg = Release|Any CPU
		{ACAE6DD3-B818-4FD9-B33B-FA426B3C4802}.Release|x86.ActiveCfg = Release|x86
		{ACAE6DD3-B818-4FD9-B33B-FA426B3C4802}.Release|x86.Build.0 = Release|x86
		{AD87DBE9-8247-47CD-B6D2-16B63CBBC9E7}.Ad-Hoc|Any CPU.ActiveCfg = Release|Any CPU
		{AD87DBE9-8247-47CD-B6D2-16B63CBBC9E7}.Ad-Hoc|Any CPU.Build.0 = Release|Any CPU
		{AD87DBE9-8247-47CD-B6D2-16B63CBBC9E7}.Ad-Hoc|ARM.ActiveCfg = Release|Any CPU
		{AD87DBE9-8247-47CD-B6D2-16B63CBBC9E7}.Ad-Hoc|iPhone.ActiveCfg = Debug|Any CPU
		{AD87DBE9-8247-47CD-B6D2-16B63CBBC9E7}.Ad-Hoc|iPhone.Build.0 = Debug|Any CPU
		{AD87DBE9-8247-47CD-B6D2-16B63CBBC9E7}.Ad-Hoc|iPhoneSimulator.ActiveCfg = Release|Any CPU
		{AD87DBE9-8247-47CD-B6D2-16B63CBBC9E7}.Ad-Hoc|Mixed Platforms.ActiveCfg = Release|Any CPU
		{AD87DBE9-8247-47CD-B6D2-16B63CBBC9E7}.Ad-Hoc|Mixed Platforms.Build.0 = Release|Any CPU
		{AD87DBE9-8247-47CD-B6D2-16B63CBBC9E7}.Ad-Hoc|x64.ActiveCfg = Debug|Any CPU
		{AD87DBE9-8247-47CD-B6D2-16B63CBBC9E7}.Ad-Hoc|x86.ActiveCfg = Release|Any CPU
		{AD87DBE9-8247-47CD-B6D2-16B63CBBC9E7}.AppStore|Any CPU.ActiveCfg = Release|Any CPU
		{AD87DBE9-8247-47CD-B6D2-16B63CBBC9E7}.AppStore|Any CPU.Build.0 = Release|Any CPU
		{AD87DBE9-8247-47CD-B6D2-16B63CBBC9E7}.AppStore|ARM.ActiveCfg = Release|Any CPU
		{AD87DBE9-8247-47CD-B6D2-16B63CBBC9E7}.AppStore|iPhone.ActiveCfg = Debug|Any CPU
		{AD87DBE9-8247-47CD-B6D2-16B63CBBC9E7}.AppStore|iPhone.Build.0 = Debug|Any CPU
		{AD87DBE9-8247-47CD-B6D2-16B63CBBC9E7}.AppStore|iPhoneSimulator.ActiveCfg = Release|Any CPU
		{AD87DBE9-8247-47CD-B6D2-16B63CBBC9E7}.AppStore|Mixed Platforms.ActiveCfg = Release|Any CPU
		{AD87DBE9-8247-47CD-B6D2-16B63CBBC9E7}.AppStore|Mixed Platforms.Build.0 = Release|Any CPU
		{AD87DBE9-8247-47CD-B6D2-16B63CBBC9E7}.AppStore|x64.ActiveCfg = Debug|Any CPU
		{AD87DBE9-8247-47CD-B6D2-16B63CBBC9E7}.AppStore|x86.ActiveCfg = Release|Any CPU
		{AD87DBE9-8247-47CD-B6D2-16B63CBBC9E7}.Debug|Any CPU.ActiveCfg = Debug|Any CPU
		{AD87DBE9-8247-47CD-B6D2-16B63CBBC9E7}.Debug|Any CPU.Build.0 = Debug|Any CPU
		{AD87DBE9-8247-47CD-B6D2-16B63CBBC9E7}.Debug|ARM.ActiveCfg = Debug|Any CPU
		{AD87DBE9-8247-47CD-B6D2-16B63CBBC9E7}.Debug|iPhone.ActiveCfg = Debug|Any CPU
		{AD87DBE9-8247-47CD-B6D2-16B63CBBC9E7}.Debug|iPhone.Build.0 = Debug|Any CPU
		{AD87DBE9-8247-47CD-B6D2-16B63CBBC9E7}.Debug|iPhoneSimulator.ActiveCfg = Debug|Any CPU
		{AD87DBE9-8247-47CD-B6D2-16B63CBBC9E7}.Debug|iPhoneSimulator.Build.0 = Debug|Any CPU
		{AD87DBE9-8247-47CD-B6D2-16B63CBBC9E7}.Debug|Mixed Platforms.ActiveCfg = Debug|Any CPU
		{AD87DBE9-8247-47CD-B6D2-16B63CBBC9E7}.Debug|Mixed Platforms.Build.0 = Debug|Any CPU
		{AD87DBE9-8247-47CD-B6D2-16B63CBBC9E7}.Debug|x64.ActiveCfg = Debug|Any CPU
		{AD87DBE9-8247-47CD-B6D2-16B63CBBC9E7}.Debug|x86.ActiveCfg = Debug|Any CPU
		{AD87DBE9-8247-47CD-B6D2-16B63CBBC9E7}.Release|Any CPU.ActiveCfg = Release|Any CPU
		{AD87DBE9-8247-47CD-B6D2-16B63CBBC9E7}.Release|Any CPU.Build.0 = Release|Any CPU
		{AD87DBE9-8247-47CD-B6D2-16B63CBBC9E7}.Release|ARM.ActiveCfg = Release|Any CPU
		{AD87DBE9-8247-47CD-B6D2-16B63CBBC9E7}.Release|iPhone.ActiveCfg = Release|Any CPU
		{AD87DBE9-8247-47CD-B6D2-16B63CBBC9E7}.Release|iPhone.Build.0 = Release|Any CPU
		{AD87DBE9-8247-47CD-B6D2-16B63CBBC9E7}.Release|iPhoneSimulator.ActiveCfg = Release|Any CPU
		{AD87DBE9-8247-47CD-B6D2-16B63CBBC9E7}.Release|iPhoneSimulator.Build.0 = Release|Any CPU
		{AD87DBE9-8247-47CD-B6D2-16B63CBBC9E7}.Release|Mixed Platforms.ActiveCfg = Release|Any CPU
		{AD87DBE9-8247-47CD-B6D2-16B63CBBC9E7}.Release|Mixed Platforms.Build.0 = Release|Any CPU
		{AD87DBE9-8247-47CD-B6D2-16B63CBBC9E7}.Release|x64.ActiveCfg = Release|Any CPU
		{AD87DBE9-8247-47CD-B6D2-16B63CBBC9E7}.Release|x86.ActiveCfg = Release|Any CPU
		{71DD40E5-AB2F-4102-AEA6-BD1C33651A1A}.Ad-Hoc|Any CPU.ActiveCfg = Release|Any CPU
		{71DD40E5-AB2F-4102-AEA6-BD1C33651A1A}.Ad-Hoc|Any CPU.Build.0 = Release|Any CPU
		{71DD40E5-AB2F-4102-AEA6-BD1C33651A1A}.Ad-Hoc|ARM.ActiveCfg = Release|ARM
		{71DD40E5-AB2F-4102-AEA6-BD1C33651A1A}.Ad-Hoc|ARM.Build.0 = Release|ARM
		{71DD40E5-AB2F-4102-AEA6-BD1C33651A1A}.Ad-Hoc|iPhone.ActiveCfg = Release|Any CPU
		{71DD40E5-AB2F-4102-AEA6-BD1C33651A1A}.Ad-Hoc|iPhone.Build.0 = Release|Any CPU
		{71DD40E5-AB2F-4102-AEA6-BD1C33651A1A}.Ad-Hoc|iPhoneSimulator.ActiveCfg = Release|Any CPU
		{71DD40E5-AB2F-4102-AEA6-BD1C33651A1A}.Ad-Hoc|iPhoneSimulator.Build.0 = Release|Any CPU
		{71DD40E5-AB2F-4102-AEA6-BD1C33651A1A}.Ad-Hoc|Mixed Platforms.ActiveCfg = Release|x86
		{71DD40E5-AB2F-4102-AEA6-BD1C33651A1A}.Ad-Hoc|Mixed Platforms.Build.0 = Release|x86
		{71DD40E5-AB2F-4102-AEA6-BD1C33651A1A}.Ad-Hoc|x64.ActiveCfg = Debug|Any CPU
		{71DD40E5-AB2F-4102-AEA6-BD1C33651A1A}.Ad-Hoc|x86.ActiveCfg = Release|x86
		{71DD40E5-AB2F-4102-AEA6-BD1C33651A1A}.Ad-Hoc|x86.Build.0 = Release|x86
		{71DD40E5-AB2F-4102-AEA6-BD1C33651A1A}.AppStore|Any CPU.ActiveCfg = Release|Any CPU
		{71DD40E5-AB2F-4102-AEA6-BD1C33651A1A}.AppStore|Any CPU.Build.0 = Release|Any CPU
		{71DD40E5-AB2F-4102-AEA6-BD1C33651A1A}.AppStore|ARM.ActiveCfg = Release|ARM
		{71DD40E5-AB2F-4102-AEA6-BD1C33651A1A}.AppStore|ARM.Build.0 = Release|ARM
		{71DD40E5-AB2F-4102-AEA6-BD1C33651A1A}.AppStore|iPhone.ActiveCfg = Release|Any CPU
		{71DD40E5-AB2F-4102-AEA6-BD1C33651A1A}.AppStore|iPhone.Build.0 = Release|Any CPU
		{71DD40E5-AB2F-4102-AEA6-BD1C33651A1A}.AppStore|iPhoneSimulator.ActiveCfg = Release|Any CPU
		{71DD40E5-AB2F-4102-AEA6-BD1C33651A1A}.AppStore|iPhoneSimulator.Build.0 = Release|Any CPU
		{71DD40E5-AB2F-4102-AEA6-BD1C33651A1A}.AppStore|Mixed Platforms.ActiveCfg = Release|x86
		{71DD40E5-AB2F-4102-AEA6-BD1C33651A1A}.AppStore|Mixed Platforms.Build.0 = Release|x86
		{71DD40E5-AB2F-4102-AEA6-BD1C33651A1A}.AppStore|x64.ActiveCfg = Debug|Any CPU
		{71DD40E5-AB2F-4102-AEA6-BD1C33651A1A}.AppStore|x86.ActiveCfg = Release|x86
		{71DD40E5-AB2F-4102-AEA6-BD1C33651A1A}.AppStore|x86.Build.0 = Release|x86
		{71DD40E5-AB2F-4102-AEA6-BD1C33651A1A}.Debug|Any CPU.ActiveCfg = Debug|Any CPU
		{71DD40E5-AB2F-4102-AEA6-BD1C33651A1A}.Debug|Any CPU.Build.0 = Debug|Any CPU
		{71DD40E5-AB2F-4102-AEA6-BD1C33651A1A}.Debug|ARM.ActiveCfg = Debug|ARM
		{71DD40E5-AB2F-4102-AEA6-BD1C33651A1A}.Debug|ARM.Build.0 = Debug|ARM
		{71DD40E5-AB2F-4102-AEA6-BD1C33651A1A}.Debug|iPhone.ActiveCfg = Debug|Any CPU
		{71DD40E5-AB2F-4102-AEA6-BD1C33651A1A}.Debug|iPhone.Build.0 = Debug|Any CPU
		{71DD40E5-AB2F-4102-AEA6-BD1C33651A1A}.Debug|iPhoneSimulator.ActiveCfg = Debug|Any CPU
		{71DD40E5-AB2F-4102-AEA6-BD1C33651A1A}.Debug|iPhoneSimulator.Build.0 = Debug|Any CPU
		{71DD40E5-AB2F-4102-AEA6-BD1C33651A1A}.Debug|Mixed Platforms.ActiveCfg = Debug|x86
		{71DD40E5-AB2F-4102-AEA6-BD1C33651A1A}.Debug|Mixed Platforms.Build.0 = Debug|x86
		{71DD40E5-AB2F-4102-AEA6-BD1C33651A1A}.Debug|x64.ActiveCfg = Debug|Any CPU
		{71DD40E5-AB2F-4102-AEA6-BD1C33651A1A}.Debug|x86.ActiveCfg = Debug|x86
		{71DD40E5-AB2F-4102-AEA6-BD1C33651A1A}.Debug|x86.Build.0 = Debug|x86
		{71DD40E5-AB2F-4102-AEA6-BD1C33651A1A}.Release|Any CPU.ActiveCfg = Release|Any CPU
		{71DD40E5-AB2F-4102-AEA6-BD1C33651A1A}.Release|Any CPU.Build.0 = Release|Any CPU
		{71DD40E5-AB2F-4102-AEA6-BD1C33651A1A}.Release|ARM.ActiveCfg = Release|ARM
		{71DD40E5-AB2F-4102-AEA6-BD1C33651A1A}.Release|ARM.Build.0 = Release|ARM
		{71DD40E5-AB2F-4102-AEA6-BD1C33651A1A}.Release|iPhone.ActiveCfg = Release|Any CPU
		{71DD40E5-AB2F-4102-AEA6-BD1C33651A1A}.Release|iPhone.Build.0 = Release|Any CPU
		{71DD40E5-AB2F-4102-AEA6-BD1C33651A1A}.Release|iPhoneSimulator.ActiveCfg = Release|Any CPU
		{71DD40E5-AB2F-4102-AEA6-BD1C33651A1A}.Release|iPhoneSimulator.Build.0 = Release|Any CPU
		{71DD40E5-AB2F-4102-AEA6-BD1C33651A1A}.Release|Mixed Platforms.ActiveCfg = Release|x86
		{71DD40E5-AB2F-4102-AEA6-BD1C33651A1A}.Release|Mixed Platforms.Build.0 = Release|x86
		{71DD40E5-AB2F-4102-AEA6-BD1C33651A1A}.Release|x64.ActiveCfg = Release|Any CPU
		{71DD40E5-AB2F-4102-AEA6-BD1C33651A1A}.Release|x86.ActiveCfg = Release|x86
		{71DD40E5-AB2F-4102-AEA6-BD1C33651A1A}.Release|x86.Build.0 = Release|x86
		{48C770A4-D1F6-4C4B-989E-C216AA4148D9}.Ad-Hoc|Any CPU.ActiveCfg = Release|Any CPU
		{48C770A4-D1F6-4C4B-989E-C216AA4148D9}.Ad-Hoc|Any CPU.Build.0 = Release|Any CPU
		{48C770A4-D1F6-4C4B-989E-C216AA4148D9}.Ad-Hoc|Any CPU.Deploy.0 = Release|Any CPU
		{48C770A4-D1F6-4C4B-989E-C216AA4148D9}.Ad-Hoc|ARM.ActiveCfg = Release|ARM
		{48C770A4-D1F6-4C4B-989E-C216AA4148D9}.Ad-Hoc|ARM.Build.0 = Release|ARM
		{48C770A4-D1F6-4C4B-989E-C216AA4148D9}.Ad-Hoc|ARM.Deploy.0 = Release|ARM
		{48C770A4-D1F6-4C4B-989E-C216AA4148D9}.Ad-Hoc|iPhone.ActiveCfg = Release|Any CPU
		{48C770A4-D1F6-4C4B-989E-C216AA4148D9}.Ad-Hoc|iPhoneSimulator.ActiveCfg = Release|Any CPU
		{48C770A4-D1F6-4C4B-989E-C216AA4148D9}.Ad-Hoc|Mixed Platforms.ActiveCfg = Release|x86
		{48C770A4-D1F6-4C4B-989E-C216AA4148D9}.Ad-Hoc|Mixed Platforms.Build.0 = Release|x86
		{48C770A4-D1F6-4C4B-989E-C216AA4148D9}.Ad-Hoc|Mixed Platforms.Deploy.0 = Release|x86
		{48C770A4-D1F6-4C4B-989E-C216AA4148D9}.Ad-Hoc|x64.ActiveCfg = Release|x64
		{48C770A4-D1F6-4C4B-989E-C216AA4148D9}.Ad-Hoc|x64.Build.0 = Release|x64
		{48C770A4-D1F6-4C4B-989E-C216AA4148D9}.Ad-Hoc|x64.Deploy.0 = Release|x64
		{48C770A4-D1F6-4C4B-989E-C216AA4148D9}.Ad-Hoc|x86.ActiveCfg = Release|x86
		{48C770A4-D1F6-4C4B-989E-C216AA4148D9}.Ad-Hoc|x86.Build.0 = Release|x86
		{48C770A4-D1F6-4C4B-989E-C216AA4148D9}.Ad-Hoc|x86.Deploy.0 = Release|x86
		{48C770A4-D1F6-4C4B-989E-C216AA4148D9}.AppStore|Any CPU.ActiveCfg = Release|Any CPU
		{48C770A4-D1F6-4C4B-989E-C216AA4148D9}.AppStore|Any CPU.Build.0 = Release|Any CPU
		{48C770A4-D1F6-4C4B-989E-C216AA4148D9}.AppStore|Any CPU.Deploy.0 = Release|Any CPU
		{48C770A4-D1F6-4C4B-989E-C216AA4148D9}.AppStore|ARM.ActiveCfg = Release|ARM
		{48C770A4-D1F6-4C4B-989E-C216AA4148D9}.AppStore|ARM.Build.0 = Release|ARM
		{48C770A4-D1F6-4C4B-989E-C216AA4148D9}.AppStore|ARM.Deploy.0 = Release|ARM
		{48C770A4-D1F6-4C4B-989E-C216AA4148D9}.AppStore|iPhone.ActiveCfg = Release|Any CPU
		{48C770A4-D1F6-4C4B-989E-C216AA4148D9}.AppStore|iPhoneSimulator.ActiveCfg = Release|Any CPU
		{48C770A4-D1F6-4C4B-989E-C216AA4148D9}.AppStore|Mixed Platforms.ActiveCfg = Release|x86
		{48C770A4-D1F6-4C4B-989E-C216AA4148D9}.AppStore|Mixed Platforms.Build.0 = Release|x86
		{48C770A4-D1F6-4C4B-989E-C216AA4148D9}.AppStore|Mixed Platforms.Deploy.0 = Release|x86
		{48C770A4-D1F6-4C4B-989E-C216AA4148D9}.AppStore|x64.ActiveCfg = Release|x64
		{48C770A4-D1F6-4C4B-989E-C216AA4148D9}.AppStore|x64.Build.0 = Release|x64
		{48C770A4-D1F6-4C4B-989E-C216AA4148D9}.AppStore|x64.Deploy.0 = Release|x64
		{48C770A4-D1F6-4C4B-989E-C216AA4148D9}.AppStore|x86.ActiveCfg = Release|x86
		{48C770A4-D1F6-4C4B-989E-C216AA4148D9}.AppStore|x86.Build.0 = Release|x86
		{48C770A4-D1F6-4C4B-989E-C216AA4148D9}.AppStore|x86.Deploy.0 = Release|x86
		{48C770A4-D1F6-4C4B-989E-C216AA4148D9}.Debug|Any CPU.ActiveCfg = Debug|Any CPU
		{48C770A4-D1F6-4C4B-989E-C216AA4148D9}.Debug|Any CPU.Build.0 = Debug|Any CPU
		{48C770A4-D1F6-4C4B-989E-C216AA4148D9}.Debug|Any CPU.Deploy.0 = Debug|Any CPU
		{48C770A4-D1F6-4C4B-989E-C216AA4148D9}.Debug|ARM.ActiveCfg = Debug|ARM
		{48C770A4-D1F6-4C4B-989E-C216AA4148D9}.Debug|ARM.Build.0 = Debug|ARM
		{48C770A4-D1F6-4C4B-989E-C216AA4148D9}.Debug|ARM.Deploy.0 = Debug|ARM
		{48C770A4-D1F6-4C4B-989E-C216AA4148D9}.Debug|iPhone.ActiveCfg = Debug|Any CPU
		{48C770A4-D1F6-4C4B-989E-C216AA4148D9}.Debug|iPhoneSimulator.ActiveCfg = Debug|Any CPU
		{48C770A4-D1F6-4C4B-989E-C216AA4148D9}.Debug|Mixed Platforms.ActiveCfg = Debug|x86
		{48C770A4-D1F6-4C4B-989E-C216AA4148D9}.Debug|Mixed Platforms.Build.0 = Debug|x86
		{48C770A4-D1F6-4C4B-989E-C216AA4148D9}.Debug|Mixed Platforms.Deploy.0 = Debug|x86
		{48C770A4-D1F6-4C4B-989E-C216AA4148D9}.Debug|x64.ActiveCfg = Debug|x64
		{48C770A4-D1F6-4C4B-989E-C216AA4148D9}.Debug|x64.Build.0 = Debug|x64
		{48C770A4-D1F6-4C4B-989E-C216AA4148D9}.Debug|x64.Deploy.0 = Debug|x64
		{48C770A4-D1F6-4C4B-989E-C216AA4148D9}.Debug|x86.ActiveCfg = Debug|x86
		{48C770A4-D1F6-4C4B-989E-C216AA4148D9}.Debug|x86.Build.0 = Debug|x86
		{48C770A4-D1F6-4C4B-989E-C216AA4148D9}.Debug|x86.Deploy.0 = Debug|x86
		{48C770A4-D1F6-4C4B-989E-C216AA4148D9}.Release|Any CPU.ActiveCfg = Release|Any CPU
		{48C770A4-D1F6-4C4B-989E-C216AA4148D9}.Release|Any CPU.Build.0 = Release|Any CPU
		{48C770A4-D1F6-4C4B-989E-C216AA4148D9}.Release|Any CPU.Deploy.0 = Release|Any CPU
		{48C770A4-D1F6-4C4B-989E-C216AA4148D9}.Release|ARM.ActiveCfg = Release|ARM
		{48C770A4-D1F6-4C4B-989E-C216AA4148D9}.Release|ARM.Build.0 = Release|ARM
		{48C770A4-D1F6-4C4B-989E-C216AA4148D9}.Release|ARM.Deploy.0 = Release|ARM
		{48C770A4-D1F6-4C4B-989E-C216AA4148D9}.Release|iPhone.ActiveCfg = Release|Any CPU
		{48C770A4-D1F6-4C4B-989E-C216AA4148D9}.Release|iPhoneSimulator.ActiveCfg = Release|Any CPU
		{48C770A4-D1F6-4C4B-989E-C216AA4148D9}.Release|Mixed Platforms.ActiveCfg = Release|x86
		{48C770A4-D1F6-4C4B-989E-C216AA4148D9}.Release|Mixed Platforms.Build.0 = Release|x86
		{48C770A4-D1F6-4C4B-989E-C216AA4148D9}.Release|Mixed Platforms.Deploy.0 = Release|x86
		{48C770A4-D1F6-4C4B-989E-C216AA4148D9}.Release|x64.ActiveCfg = Release|x64
		{48C770A4-D1F6-4C4B-989E-C216AA4148D9}.Release|x64.Build.0 = Release|x64
		{48C770A4-D1F6-4C4B-989E-C216AA4148D9}.Release|x64.Deploy.0 = Release|x64
		{48C770A4-D1F6-4C4B-989E-C216AA4148D9}.Release|x86.ActiveCfg = Release|x86
		{48C770A4-D1F6-4C4B-989E-C216AA4148D9}.Release|x86.Build.0 = Release|x86
		{48C770A4-D1F6-4C4B-989E-C216AA4148D9}.Release|x86.Deploy.0 = Release|x86
		{D15124E2-A4F1-4D96-AA84-3516C3369C81}.Ad-Hoc|Any CPU.ActiveCfg = Release|x86
		{D15124E2-A4F1-4D96-AA84-3516C3369C81}.Ad-Hoc|ARM.ActiveCfg = Release|ARM
		{D15124E2-A4F1-4D96-AA84-3516C3369C81}.Ad-Hoc|ARM.Build.0 = Release|ARM
		{D15124E2-A4F1-4D96-AA84-3516C3369C81}.Ad-Hoc|ARM.Deploy.0 = Release|ARM
		{D15124E2-A4F1-4D96-AA84-3516C3369C81}.Ad-Hoc|iPhone.ActiveCfg = Release|x86
		{D15124E2-A4F1-4D96-AA84-3516C3369C81}.Ad-Hoc|iPhoneSimulator.ActiveCfg = Release|x86
		{D15124E2-A4F1-4D96-AA84-3516C3369C81}.Ad-Hoc|Mixed Platforms.ActiveCfg = Release|x86
		{D15124E2-A4F1-4D96-AA84-3516C3369C81}.Ad-Hoc|Mixed Platforms.Build.0 = Release|x86
		{D15124E2-A4F1-4D96-AA84-3516C3369C81}.Ad-Hoc|Mixed Platforms.Deploy.0 = Release|x86
		{D15124E2-A4F1-4D96-AA84-3516C3369C81}.Ad-Hoc|x64.ActiveCfg = Release|x86
		{D15124E2-A4F1-4D96-AA84-3516C3369C81}.Ad-Hoc|x86.ActiveCfg = Release|x86
		{D15124E2-A4F1-4D96-AA84-3516C3369C81}.Ad-Hoc|x86.Build.0 = Release|x86
		{D15124E2-A4F1-4D96-AA84-3516C3369C81}.Ad-Hoc|x86.Deploy.0 = Release|x86
		{D15124E2-A4F1-4D96-AA84-3516C3369C81}.AppStore|Any CPU.ActiveCfg = Release|x86
		{D15124E2-A4F1-4D96-AA84-3516C3369C81}.AppStore|ARM.ActiveCfg = Release|ARM
		{D15124E2-A4F1-4D96-AA84-3516C3369C81}.AppStore|ARM.Build.0 = Release|ARM
		{D15124E2-A4F1-4D96-AA84-3516C3369C81}.AppStore|ARM.Deploy.0 = Release|ARM
		{D15124E2-A4F1-4D96-AA84-3516C3369C81}.AppStore|iPhone.ActiveCfg = Release|x86
		{D15124E2-A4F1-4D96-AA84-3516C3369C81}.AppStore|iPhoneSimulator.ActiveCfg = Release|x86
		{D15124E2-A4F1-4D96-AA84-3516C3369C81}.AppStore|Mixed Platforms.ActiveCfg = Release|x86
		{D15124E2-A4F1-4D96-AA84-3516C3369C81}.AppStore|Mixed Platforms.Build.0 = Release|x86
		{D15124E2-A4F1-4D96-AA84-3516C3369C81}.AppStore|Mixed Platforms.Deploy.0 = Release|x86
		{D15124E2-A4F1-4D96-AA84-3516C3369C81}.AppStore|x64.ActiveCfg = Release|x86
		{D15124E2-A4F1-4D96-AA84-3516C3369C81}.AppStore|x86.ActiveCfg = Release|x86
		{D15124E2-A4F1-4D96-AA84-3516C3369C81}.AppStore|x86.Build.0 = Release|x86
		{D15124E2-A4F1-4D96-AA84-3516C3369C81}.AppStore|x86.Deploy.0 = Release|x86
		{D15124E2-A4F1-4D96-AA84-3516C3369C81}.Debug|Any CPU.ActiveCfg = Debug|x86
		{D15124E2-A4F1-4D96-AA84-3516C3369C81}.Debug|ARM.ActiveCfg = Debug|ARM
		{D15124E2-A4F1-4D96-AA84-3516C3369C81}.Debug|ARM.Build.0 = Debug|ARM
		{D15124E2-A4F1-4D96-AA84-3516C3369C81}.Debug|ARM.Deploy.0 = Debug|ARM
		{D15124E2-A4F1-4D96-AA84-3516C3369C81}.Debug|iPhone.ActiveCfg = Debug|x86
		{D15124E2-A4F1-4D96-AA84-3516C3369C81}.Debug|iPhoneSimulator.ActiveCfg = Debug|x86
		{D15124E2-A4F1-4D96-AA84-3516C3369C81}.Debug|Mixed Platforms.ActiveCfg = Debug|x86
		{D15124E2-A4F1-4D96-AA84-3516C3369C81}.Debug|Mixed Platforms.Build.0 = Debug|x86
		{D15124E2-A4F1-4D96-AA84-3516C3369C81}.Debug|Mixed Platforms.Deploy.0 = Debug|x86
		{D15124E2-A4F1-4D96-AA84-3516C3369C81}.Debug|x64.ActiveCfg = Debug|x86
		{D15124E2-A4F1-4D96-AA84-3516C3369C81}.Debug|x86.ActiveCfg = Debug|x86
		{D15124E2-A4F1-4D96-AA84-3516C3369C81}.Debug|x86.Build.0 = Debug|x86
		{D15124E2-A4F1-4D96-AA84-3516C3369C81}.Debug|x86.Deploy.0 = Debug|x86
		{D15124E2-A4F1-4D96-AA84-3516C3369C81}.Release|Any CPU.ActiveCfg = Release|x86
		{D15124E2-A4F1-4D96-AA84-3516C3369C81}.Release|ARM.ActiveCfg = Release|ARM
		{D15124E2-A4F1-4D96-AA84-3516C3369C81}.Release|ARM.Build.0 = Release|ARM
		{D15124E2-A4F1-4D96-AA84-3516C3369C81}.Release|ARM.Deploy.0 = Release|ARM
		{D15124E2-A4F1-4D96-AA84-3516C3369C81}.Release|iPhone.ActiveCfg = Release|x86
		{D15124E2-A4F1-4D96-AA84-3516C3369C81}.Release|iPhoneSimulator.ActiveCfg = Release|x86
		{D15124E2-A4F1-4D96-AA84-3516C3369C81}.Release|Mixed Platforms.ActiveCfg = Release|x86
		{D15124E2-A4F1-4D96-AA84-3516C3369C81}.Release|Mixed Platforms.Build.0 = Release|x86
		{D15124E2-A4F1-4D96-AA84-3516C3369C81}.Release|Mixed Platforms.Deploy.0 = Release|x86
		{D15124E2-A4F1-4D96-AA84-3516C3369C81}.Release|x64.ActiveCfg = Release|x86
		{D15124E2-A4F1-4D96-AA84-3516C3369C81}.Release|x86.ActiveCfg = Release|x86
		{D15124E2-A4F1-4D96-AA84-3516C3369C81}.Release|x86.Build.0 = Release|x86
		{D15124E2-A4F1-4D96-AA84-3516C3369C81}.Release|x86.Deploy.0 = Release|x86
	EndGlobalSection
	GlobalSection(SolutionProperties) = preSolution
		HideSolutionNode = FALSE
	EndGlobalSection
	GlobalSection(MonoDevelopProperties) = preSolution
		StartupItem = FHSDKPhone\FHSDKPhone.csproj
		Policies = $0
		$0.DotNetNamingPolicy = $1
		$1.DirectoryNamespaceAssociation = None
		$1.ResourceNamePolicy = FileFormatDefault
		$0.TextStylePolicy = $13
		$2.inheritsSet = null
		$2.scope = text/x-csharp
		$0.CSharpFormattingPolicy = $3
		$3.IndentSwitchBody = True
		$3.IndentBlocksInsideExpressions = True
		$3.AnonymousMethodBraceStyle = NextLine
		$3.PropertyBraceStyle = NextLine
		$3.PropertyGetBraceStyle = NextLine
		$3.PropertySetBraceStyle = NextLine
		$3.EventBraceStyle = NextLine
		$3.EventAddBraceStyle = NextLine
		$3.EventRemoveBraceStyle = NextLine
		$3.StatementBraceStyle = NextLine
		$3.ElseNewLinePlacement = NewLine
		$3.CatchNewLinePlacement = NewLine
		$3.FinallyNewLinePlacement = NewLine
		$3.WhileNewLinePlacement = DoNotCare
		$3.ArrayInitializerWrapping = DoNotChange
		$3.ArrayInitializerBraceStyle = NextLine
		$3.BeforeMethodDeclarationParentheses = False
		$3.BeforeMethodCallParentheses = False
		$3.BeforeConstructorDeclarationParentheses = False
		$3.NewLineBeforeConstructorInitializerColon = NewLine
		$3.NewLineAfterConstructorInitializerColon = SameLine
		$3.BeforeDelegateDeclarationParentheses = False
		$3.NewParentheses = False
		$3.SpacesBeforeBrackets = False
		$3.inheritsSet = Mono
		$3.inheritsScope = text/x-csharp
		$3.scope = text/x-csharp
		$4.FileWidth = 120
		$4.inheritsSet = VisualStudio
		$4.inheritsScope = text/plain
		$4.scope = text/plain
		$5.inheritsSet = null
		$5.scope = application/config+xml
		$0.XmlFormattingPolicy = $14
		$6.inheritsSet = null
		$6.scope = application/config+xml
		$7.inheritsSet = null
		$7.scope = application/xml
		$8.inheritsSet = Mono
		$8.inheritsScope = application/xml
		$8.scope = application/xml
		$9.inheritsSet = null
		$9.scope = application/vnd.apple-xcode-storyboard
		$10.inheritsSet = null
		$10.scope = application/vnd.apple-xcode-storyboard
		$11.inheritsSet = null
		$11.scope = application/xaml+xml
		$12.inheritsSet = null
		$12.scope = application/json
		$13.inheritsSet = null
		$13.scope = text/microsoft-resx
		$14.inheritsSet = null
		$14.scope = text/microsoft-resx
		$0.StandardHeader = $15
		$15.Text = 
		$15.IncludeInNewFiles = True
		$0.NameConventionPolicy = $16
		$16.Rules = $17
		$17.NamingRule = $37
		$18.Name = Namespaces
		$18.AffectedEntity = Namespace
		$18.VisibilityMask = VisibilityMask
		$18.NamingStyle = PascalCase
		$18.IncludeInstanceMembers = True
		$18.IncludeStaticEntities = True
		$19.Name = Types
		$19.AffectedEntity = Class, Struct, Enum, Delegate
		$19.VisibilityMask = Public
		$19.NamingStyle = PascalCase
		$19.IncludeInstanceMembers = True
		$19.IncludeStaticEntities = True
		$20.Name = Interfaces
		$20.RequiredPrefixes = $21
		$21.String = I
		$20.AffectedEntity = Interface
		$20.VisibilityMask = Public
		$20.NamingStyle = PascalCase
		$20.IncludeInstanceMembers = True
		$20.IncludeStaticEntities = True
		$22.Name = Attributes
		$22.RequiredSuffixes = $23
		$23.String = Attribute
		$22.AffectedEntity = CustomAttributes
		$22.VisibilityMask = Public
		$22.NamingStyle = PascalCase
		$22.IncludeInstanceMembers = True
		$22.IncludeStaticEntities = True
		$24.Name = Event Arguments
		$24.RequiredSuffixes = $25
		$25.String = EventArgs
		$24.AffectedEntity = CustomEventArgs
		$24.VisibilityMask = Public
		$24.NamingStyle = PascalCase
		$24.IncludeInstanceMembers = True
		$24.IncludeStaticEntities = True
		$26.Name = Exceptions
		$26.RequiredSuffixes = $27
		$27.String = Exception
		$26.AffectedEntity = CustomExceptions
		$26.VisibilityMask = VisibilityMask
		$26.NamingStyle = PascalCase
		$26.IncludeInstanceMembers = True
		$26.IncludeStaticEntities = True
		$28.Name = Methods
		$28.AffectedEntity = Methods
		$28.VisibilityMask = Protected, Public
		$28.NamingStyle = PascalCase
		$28.IncludeInstanceMembers = True
		$28.IncludeStaticEntities = True
		$29.Name = Static Readonly Fields
		$29.AffectedEntity = ReadonlyField
		$29.VisibilityMask = Protected, Public
		$29.NamingStyle = PascalCase
		$29.IncludeInstanceMembers = False
		$29.IncludeStaticEntities = True
		$30.Name = Fields
		$30.AffectedEntity = Field
		$30.VisibilityMask = Protected, Public
		$30.NamingStyle = PascalCase
		$30.IncludeInstanceMembers = True
		$30.IncludeStaticEntities = True
		$31.Name = ReadOnly Fields
		$31.AffectedEntity = ReadonlyField
		$31.VisibilityMask = Protected, Public
		$31.NamingStyle = PascalCase
		$31.IncludeInstanceMembers = True
		$31.IncludeStaticEntities = False
		$32.Name = Constant Fields
		$32.AffectedEntity = ConstantField
		$32.VisibilityMask = Protected, Public
		$32.NamingStyle = PascalCase
		$32.IncludeInstanceMembers = True
		$32.IncludeStaticEntities = True
		$33.Name = Properties
		$33.AffectedEntity = Property
		$33.VisibilityMask = Protected, Public
		$33.NamingStyle = PascalCase
		$33.IncludeInstanceMembers = True
		$33.IncludeStaticEntities = True
		$34.Name = Events
		$34.AffectedEntity = Event
		$34.VisibilityMask = Protected, Public
		$34.NamingStyle = PascalCase
		$34.IncludeInstanceMembers = True
		$34.IncludeStaticEntities = True
		$35.Name = Enum Members
		$35.AffectedEntity = EnumMember
		$35.VisibilityMask = VisibilityMask
		$35.NamingStyle = PascalCase
		$35.IncludeInstanceMembers = True
		$35.IncludeStaticEntities = True
		$36.Name = Parameters
		$36.AffectedEntity = Parameter
		$36.VisibilityMask = VisibilityMask
		$36.NamingStyle = CamelCase
		$36.IncludeInstanceMembers = True
		$36.IncludeStaticEntities = True
		$37.Name = Type Parameters
		$37.RequiredPrefixes = $38
		$38.String = T
		$37.AffectedEntity = TypeParameter
		$37.VisibilityMask = VisibilityMask
		$37.NamingStyle = PascalCase
		$37.IncludeInstanceMembers = True
		$37.IncludeStaticEntities = True
		$0.VersionControlPolicy = $39
		$39.inheritsSet = Mono
	EndGlobalSection
EndGlobal
