
Microsoft Visual Studio Solution File, Format Version 12.00
# Visual Studio 2012
Project("{FAE04EC0-301F-11D3-BF4B-00C04F79EFBC}") = "FHSDKPhone", "FHSDKPhone\FHSDKPhone.csproj", "{ACAE6DD3-B818-4FD9-B33B-FA426B3C4802}"
EndProject
Project("{FAE04EC0-301F-11D3-BF4B-00C04F79EFBC}") = "FHSDK", "FHSDK\FHSDK.csproj", "{AD87DBE9-8247-47CD-B6D2-16B63CBBC9E7}"
EndProject
Project("{FAE04EC0-301F-11D3-BF4B-00C04F79EFBC}") = "FHXamarinIOSSDK", "FHXamarinIOSSDK\FHXamarinIOSSDK.csproj", "{4DE3FCB4-E637-4933-8B87-FE1DE7DF2D36}"
EndProject
Project("{FAE04EC0-301F-11D3-BF4B-00C04F79EFBC}") = "FHXamarinAndroidSDK", "FHXamarinAndroidSDK\FHXamarinAndroidSDK.csproj", "{46E20803-ED70-4605-A132-AC86D6BBCF52}"
EndProject
Project("{FAE04EC0-301F-11D3-BF4B-00C04F79EFBC}") = "XamarinAndroidExample", "tests\XamarinAndroidExample\XamarinAndroidExample.csproj", "{C349DD93-4455-41DB-94F1-E0AE1D8620F1}"
EndProject
Project("{FAE04EC0-301F-11D3-BF4B-00C04F79EFBC}") = "XamarinIOSExample", "examples\XamarinIOSExample\XamarinIOSExample.csproj", "{E4A4C29D-1D31-4A29-8EF0-4631FF50DFFE}"
EndProject
Project("{FAE04EC0-301F-11D3-BF4B-00C04F79EFBC}") = "WindowsPhoneExample", "examples\WindowsPhoneExample\WindowsPhoneExample.csproj", "{BBB535FD-F6FD-4B1E-818B-10A0E5B053F9}"
EndProject
Project("{7CF6DF6D-3B04-46F8-A40B-537D21BCA0B4}") = "FHWPSDKDoc", "Documentations\FHWPSDKDoc\FHWPSDKDoc.shfbproj", "{056D71A3-CADA-4744-9DF3-5F4F0410AC1F}"
EndProject
Project("{7CF6DF6D-3B04-46F8-A40B-537D21BCA0B4}") = "FHXamarinAndroidSDKDoc", "Documentations\FHXamarinAndroidSDKDoc\FHXamarinAndroidSDKDoc.shfbproj", "{6476633B-4FF3-4C01-BE15-4D86B347CAE9}"
EndProject
Project("{7CF6DF6D-3B04-46F8-A40B-537D21BCA0B4}") = "FHXamarinIOSSDKDoc", "Documentations\FHXamarinIOSSDKDoc\FHXamarinIOSSDKDoc.shfbproj", "{DEE2B039-7F26-4730-8FC0-FDB19831A564}"
EndProject
Global
	GlobalSection(SolutionConfigurationPlatforms) = preSolution
		Ad-Hoc|Any CPU = Ad-Hoc|Any CPU
		Ad-Hoc|ARM = Ad-Hoc|ARM
		Ad-Hoc|iPhone = Ad-Hoc|iPhone
		Ad-Hoc|iPhoneSimulator = Ad-Hoc|iPhoneSimulator
		Ad-Hoc|Mixed Platforms = Ad-Hoc|Mixed Platforms
		Ad-Hoc|x86 = Ad-Hoc|x86
		AppStore|Any CPU = AppStore|Any CPU
		AppStore|ARM = AppStore|ARM
		AppStore|iPhone = AppStore|iPhone
		AppStore|iPhoneSimulator = AppStore|iPhoneSimulator
		AppStore|Mixed Platforms = AppStore|Mixed Platforms
		AppStore|x86 = AppStore|x86
		Debug|Any CPU = Debug|Any CPU
		Debug|ARM = Debug|ARM
		Debug|iPhone = Debug|iPhone
		Debug|iPhoneSimulator = Debug|iPhoneSimulator
		Debug|Mixed Platforms = Debug|Mixed Platforms
		Debug|x86 = Debug|x86
		Release|Any CPU = Release|Any CPU
		Release|ARM = Release|ARM
		Release|iPhone = Release|iPhone
		Release|iPhoneSimulator = Release|iPhoneSimulator
		Release|Mixed Platforms = Release|Mixed Platforms
		Release|x86 = Release|x86
	EndGlobalSection
	GlobalSection(ProjectConfigurationPlatforms) = postSolution
		{ACAE6DD3-B818-4FD9-B33B-FA426B3C4802}.Ad-Hoc|Any CPU.ActiveCfg = Release|Any CPU
		{ACAE6DD3-B818-4FD9-B33B-FA426B3C4802}.Ad-Hoc|Any CPU.Build.0 = Release|Any CPU
		{ACAE6DD3-B818-4FD9-B33B-FA426B3C4802}.Ad-Hoc|ARM.ActiveCfg = Release|ARM
		{ACAE6DD3-B818-4FD9-B33B-FA426B3C4802}.Ad-Hoc|ARM.Build.0 = Release|ARM
		{ACAE6DD3-B818-4FD9-B33B-FA426B3C4802}.Ad-Hoc|iPhone.ActiveCfg = Release|Any CPU
		{ACAE6DD3-B818-4FD9-B33B-FA426B3C4802}.Ad-Hoc|iPhoneSimulator.ActiveCfg = Release|Any CPU
		{ACAE6DD3-B818-4FD9-B33B-FA426B3C4802}.Ad-Hoc|Mixed Platforms.ActiveCfg = Release|x86
		{ACAE6DD3-B818-4FD9-B33B-FA426B3C4802}.Ad-Hoc|Mixed Platforms.Build.0 = Release|x86
		{ACAE6DD3-B818-4FD9-B33B-FA426B3C4802}.Ad-Hoc|x86.ActiveCfg = Release|x86
		{ACAE6DD3-B818-4FD9-B33B-FA426B3C4802}.Ad-Hoc|x86.Build.0 = Release|x86
		{ACAE6DD3-B818-4FD9-B33B-FA426B3C4802}.AppStore|Any CPU.ActiveCfg = Release|Any CPU
		{ACAE6DD3-B818-4FD9-B33B-FA426B3C4802}.AppStore|Any CPU.Build.0 = Release|Any CPU
		{ACAE6DD3-B818-4FD9-B33B-FA426B3C4802}.AppStore|ARM.ActiveCfg = Release|ARM
		{ACAE6DD3-B818-4FD9-B33B-FA426B3C4802}.AppStore|ARM.Build.0 = Release|ARM
		{ACAE6DD3-B818-4FD9-B33B-FA426B3C4802}.AppStore|iPhone.ActiveCfg = Release|Any CPU
		{ACAE6DD3-B818-4FD9-B33B-FA426B3C4802}.AppStore|iPhoneSimulator.ActiveCfg = Release|Any CPU
		{ACAE6DD3-B818-4FD9-B33B-FA426B3C4802}.AppStore|Mixed Platforms.ActiveCfg = Release|x86
		{ACAE6DD3-B818-4FD9-B33B-FA426B3C4802}.AppStore|Mixed Platforms.Build.0 = Release|x86
		{ACAE6DD3-B818-4FD9-B33B-FA426B3C4802}.AppStore|x86.ActiveCfg = Release|x86
		{ACAE6DD3-B818-4FD9-B33B-FA426B3C4802}.AppStore|x86.Build.0 = Release|x86
		{ACAE6DD3-B818-4FD9-B33B-FA426B3C4802}.Debug|Any CPU.ActiveCfg = Debug|Any CPU
		{ACAE6DD3-B818-4FD9-B33B-FA426B3C4802}.Debug|Any CPU.Build.0 = Debug|Any CPU
		{ACAE6DD3-B818-4FD9-B33B-FA426B3C4802}.Debug|ARM.ActiveCfg = Debug|ARM
		{ACAE6DD3-B818-4FD9-B33B-FA426B3C4802}.Debug|ARM.Build.0 = Debug|ARM
		{ACAE6DD3-B818-4FD9-B33B-FA426B3C4802}.Debug|iPhone.ActiveCfg = Debug|Any CPU
		{ACAE6DD3-B818-4FD9-B33B-FA426B3C4802}.Debug|iPhoneSimulator.ActiveCfg = Debug|Any CPU
		{ACAE6DD3-B818-4FD9-B33B-FA426B3C4802}.Debug|Mixed Platforms.ActiveCfg = Debug|x86
		{ACAE6DD3-B818-4FD9-B33B-FA426B3C4802}.Debug|Mixed Platforms.Build.0 = Debug|x86
		{ACAE6DD3-B818-4FD9-B33B-FA426B3C4802}.Debug|x86.ActiveCfg = Debug|x86
		{ACAE6DD3-B818-4FD9-B33B-FA426B3C4802}.Debug|x86.Build.0 = Debug|x86
		{ACAE6DD3-B818-4FD9-B33B-FA426B3C4802}.Release|Any CPU.ActiveCfg = Release|Any CPU
		{ACAE6DD3-B818-4FD9-B33B-FA426B3C4802}.Release|Any CPU.Build.0 = Release|Any CPU
		{ACAE6DD3-B818-4FD9-B33B-FA426B3C4802}.Release|ARM.ActiveCfg = Release|ARM
		{ACAE6DD3-B818-4FD9-B33B-FA426B3C4802}.Release|ARM.Build.0 = Release|ARM
		{ACAE6DD3-B818-4FD9-B33B-FA426B3C4802}.Release|iPhone.ActiveCfg = Release|Any CPU
		{ACAE6DD3-B818-4FD9-B33B-FA426B3C4802}.Release|iPhoneSimulator.ActiveCfg = Release|Any CPU
		{ACAE6DD3-B818-4FD9-B33B-FA426B3C4802}.Release|Mixed Platforms.ActiveCfg = Release|x86
		{ACAE6DD3-B818-4FD9-B33B-FA426B3C4802}.Release|Mixed Platforms.Build.0 = Release|x86
		{ACAE6DD3-B818-4FD9-B33B-FA426B3C4802}.Release|x86.ActiveCfg = Release|x86
		{ACAE6DD3-B818-4FD9-B33B-FA426B3C4802}.Release|x86.Build.0 = Release|x86
		{AD87DBE9-8247-47CD-B6D2-16B63CBBC9E7}.Ad-Hoc|Any CPU.ActiveCfg = Release|Any CPU
		{AD87DBE9-8247-47CD-B6D2-16B63CBBC9E7}.Ad-Hoc|Any CPU.Build.0 = Release|Any CPU
		{AD87DBE9-8247-47CD-B6D2-16B63CBBC9E7}.Ad-Hoc|ARM.ActiveCfg = Release|Any CPU
		{AD87DBE9-8247-47CD-B6D2-16B63CBBC9E7}.Ad-Hoc|iPhone.ActiveCfg = Debug|Any CPU
		{AD87DBE9-8247-47CD-B6D2-16B63CBBC9E7}.Ad-Hoc|iPhone.Build.0 = Debug|Any CPU
		{AD87DBE9-8247-47CD-B6D2-16B63CBBC9E7}.Ad-Hoc|iPhoneSimulator.ActiveCfg = Release|Any CPU
		{AD87DBE9-8247-47CD-B6D2-16B63CBBC9E7}.Ad-Hoc|Mixed Platforms.ActiveCfg = Release|Any CPU
		{AD87DBE9-8247-47CD-B6D2-16B63CBBC9E7}.Ad-Hoc|Mixed Platforms.Build.0 = Release|Any CPU
		{AD87DBE9-8247-47CD-B6D2-16B63CBBC9E7}.Ad-Hoc|x86.ActiveCfg = Release|Any CPU
		{AD87DBE9-8247-47CD-B6D2-16B63CBBC9E7}.AppStore|Any CPU.ActiveCfg = Release|Any CPU
		{AD87DBE9-8247-47CD-B6D2-16B63CBBC9E7}.AppStore|Any CPU.Build.0 = Release|Any CPU
		{AD87DBE9-8247-47CD-B6D2-16B63CBBC9E7}.AppStore|ARM.ActiveCfg = Release|Any CPU
		{AD87DBE9-8247-47CD-B6D2-16B63CBBC9E7}.AppStore|iPhone.ActiveCfg = Debug|Any CPU
		{AD87DBE9-8247-47CD-B6D2-16B63CBBC9E7}.AppStore|iPhone.Build.0 = Debug|Any CPU
		{AD87DBE9-8247-47CD-B6D2-16B63CBBC9E7}.AppStore|iPhoneSimulator.ActiveCfg = Release|Any CPU
		{AD87DBE9-8247-47CD-B6D2-16B63CBBC9E7}.AppStore|Mixed Platforms.ActiveCfg = Release|Any CPU
		{AD87DBE9-8247-47CD-B6D2-16B63CBBC9E7}.AppStore|Mixed Platforms.Build.0 = Release|Any CPU
		{AD87DBE9-8247-47CD-B6D2-16B63CBBC9E7}.AppStore|x86.ActiveCfg = Release|Any CPU
		{AD87DBE9-8247-47CD-B6D2-16B63CBBC9E7}.Debug|Any CPU.ActiveCfg = Debug|Any CPU
		{AD87DBE9-8247-47CD-B6D2-16B63CBBC9E7}.Debug|Any CPU.Build.0 = Debug|Any CPU
		{AD87DBE9-8247-47CD-B6D2-16B63CBBC9E7}.Debug|ARM.ActiveCfg = Debug|Any CPU
		{AD87DBE9-8247-47CD-B6D2-16B63CBBC9E7}.Debug|iPhone.ActiveCfg = Debug|Any CPU
		{AD87DBE9-8247-47CD-B6D2-16B63CBBC9E7}.Debug|iPhone.Build.0 = Debug|Any CPU
		{AD87DBE9-8247-47CD-B6D2-16B63CBBC9E7}.Debug|iPhoneSimulator.ActiveCfg = Debug|Any CPU
		{AD87DBE9-8247-47CD-B6D2-16B63CBBC9E7}.Debug|iPhoneSimulator.Build.0 = Debug|Any CPU
		{AD87DBE9-8247-47CD-B6D2-16B63CBBC9E7}.Debug|Mixed Platforms.ActiveCfg = Debug|Any CPU
		{AD87DBE9-8247-47CD-B6D2-16B63CBBC9E7}.Debug|Mixed Platforms.Build.0 = Debug|Any CPU
		{AD87DBE9-8247-47CD-B6D2-16B63CBBC9E7}.Debug|x86.ActiveCfg = Debug|Any CPU
		{AD87DBE9-8247-47CD-B6D2-16B63CBBC9E7}.Release|Any CPU.ActiveCfg = Release|Any CPU
		{AD87DBE9-8247-47CD-B6D2-16B63CBBC9E7}.Release|Any CPU.Build.0 = Release|Any CPU
		{AD87DBE9-8247-47CD-B6D2-16B63CBBC9E7}.Release|ARM.ActiveCfg = Release|Any CPU
		{AD87DBE9-8247-47CD-B6D2-16B63CBBC9E7}.Release|iPhone.ActiveCfg = Release|Any CPU
		{AD87DBE9-8247-47CD-B6D2-16B63CBBC9E7}.Release|iPhone.Build.0 = Release|Any CPU
		{AD87DBE9-8247-47CD-B6D2-16B63CBBC9E7}.Release|iPhoneSimulator.ActiveCfg = Release|Any CPU
		{AD87DBE9-8247-47CD-B6D2-16B63CBBC9E7}.Release|iPhoneSimulator.Build.0 = Release|Any CPU
		{AD87DBE9-8247-47CD-B6D2-16B63CBBC9E7}.Release|Mixed Platforms.ActiveCfg = Release|Any CPU
		{AD87DBE9-8247-47CD-B6D2-16B63CBBC9E7}.Release|Mixed Platforms.Build.0 = Release|Any CPU
		{AD87DBE9-8247-47CD-B6D2-16B63CBBC9E7}.Release|x86.ActiveCfg = Release|Any CPU
		{4DE3FCB4-E637-4933-8B87-FE1DE7DF2D36}.Ad-Hoc|Any CPU.ActiveCfg = Release|Any CPU
		{4DE3FCB4-E637-4933-8B87-FE1DE7DF2D36}.Ad-Hoc|Any CPU.Build.0 = Release|Any CPU
		{4DE3FCB4-E637-4933-8B87-FE1DE7DF2D36}.Ad-Hoc|ARM.ActiveCfg = Release|Any CPU
		{4DE3FCB4-E637-4933-8B87-FE1DE7DF2D36}.Ad-Hoc|iPhone.ActiveCfg = Debug|Any CPU
		{4DE3FCB4-E637-4933-8B87-FE1DE7DF2D36}.Ad-Hoc|iPhone.Build.0 = Debug|Any CPU
		{4DE3FCB4-E637-4933-8B87-FE1DE7DF2D36}.Ad-Hoc|iPhoneSimulator.ActiveCfg = Release|Any CPU
		{4DE3FCB4-E637-4933-8B87-FE1DE7DF2D36}.Ad-Hoc|Mixed Platforms.ActiveCfg = Release|Any CPU
		{4DE3FCB4-E637-4933-8B87-FE1DE7DF2D36}.Ad-Hoc|Mixed Platforms.Build.0 = Release|Any CPU
		{4DE3FCB4-E637-4933-8B87-FE1DE7DF2D36}.Ad-Hoc|x86.ActiveCfg = Release|Any CPU
		{4DE3FCB4-E637-4933-8B87-FE1DE7DF2D36}.AppStore|Any CPU.ActiveCfg = Release|Any CPU
		{4DE3FCB4-E637-4933-8B87-FE1DE7DF2D36}.AppStore|Any CPU.Build.0 = Release|Any CPU
		{4DE3FCB4-E637-4933-8B87-FE1DE7DF2D36}.AppStore|ARM.ActiveCfg = Release|Any CPU
		{4DE3FCB4-E637-4933-8B87-FE1DE7DF2D36}.AppStore|iPhone.ActiveCfg = Debug|Any CPU
		{4DE3FCB4-E637-4933-8B87-FE1DE7DF2D36}.AppStore|iPhone.Build.0 = Debug|Any CPU
		{4DE3FCB4-E637-4933-8B87-FE1DE7DF2D36}.AppStore|iPhoneSimulator.ActiveCfg = Release|Any CPU
		{4DE3FCB4-E637-4933-8B87-FE1DE7DF2D36}.AppStore|Mixed Platforms.ActiveCfg = Release|Any CPU
		{4DE3FCB4-E637-4933-8B87-FE1DE7DF2D36}.AppStore|Mixed Platforms.Build.0 = Release|Any CPU
		{4DE3FCB4-E637-4933-8B87-FE1DE7DF2D36}.AppStore|x86.ActiveCfg = Release|Any CPU
		{4DE3FCB4-E637-4933-8B87-FE1DE7DF2D36}.Debug|Any CPU.ActiveCfg = Debug|Any CPU
		{4DE3FCB4-E637-4933-8B87-FE1DE7DF2D36}.Debug|Any CPU.Build.0 = Debug|Any CPU
		{4DE3FCB4-E637-4933-8B87-FE1DE7DF2D36}.Debug|ARM.ActiveCfg = Debug|Any CPU
		{4DE3FCB4-E637-4933-8B87-FE1DE7DF2D36}.Debug|ARM.Build.0 = Debug|Any CPU
		{4DE3FCB4-E637-4933-8B87-FE1DE7DF2D36}.Debug|iPhone.ActiveCfg = Debug|Any CPU
		{4DE3FCB4-E637-4933-8B87-FE1DE7DF2D36}.Debug|iPhone.Build.0 = Debug|Any CPU
		{4DE3FCB4-E637-4933-8B87-FE1DE7DF2D36}.Debug|iPhoneSimulator.ActiveCfg = Debug|Any CPU
		{4DE3FCB4-E637-4933-8B87-FE1DE7DF2D36}.Debug|iPhoneSimulator.Build.0 = Debug|Any CPU
		{4DE3FCB4-E637-4933-8B87-FE1DE7DF2D36}.Debug|Mixed Platforms.ActiveCfg = Debug|Any CPU
		{4DE3FCB4-E637-4933-8B87-FE1DE7DF2D36}.Debug|Mixed Platforms.Build.0 = Debug|Any CPU
		{4DE3FCB4-E637-4933-8B87-FE1DE7DF2D36}.Debug|x86.ActiveCfg = Debug|Any CPU
		{4DE3FCB4-E637-4933-8B87-FE1DE7DF2D36}.Debug|x86.Build.0 = Debug|Any CPU
		{4DE3FCB4-E637-4933-8B87-FE1DE7DF2D36}.Release|Any CPU.ActiveCfg = Release|Any CPU
		{4DE3FCB4-E637-4933-8B87-FE1DE7DF2D36}.Release|Any CPU.Build.0 = Release|Any CPU
		{4DE3FCB4-E637-4933-8B87-FE1DE7DF2D36}.Release|ARM.ActiveCfg = Release|Any CPU
		{4DE3FCB4-E637-4933-8B87-FE1DE7DF2D36}.Release|ARM.Build.0 = Release|Any CPU
		{4DE3FCB4-E637-4933-8B87-FE1DE7DF2D36}.Release|iPhone.ActiveCfg = Release|Any CPU
		{4DE3FCB4-E637-4933-8B87-FE1DE7DF2D36}.Release|iPhone.Build.0 = Release|Any CPU
		{4DE3FCB4-E637-4933-8B87-FE1DE7DF2D36}.Release|iPhoneSimulator.ActiveCfg = Release|Any CPU
		{4DE3FCB4-E637-4933-8B87-FE1DE7DF2D36}.Release|iPhoneSimulator.Build.0 = Release|Any CPU
		{4DE3FCB4-E637-4933-8B87-FE1DE7DF2D36}.Release|Mixed Platforms.ActiveCfg = Release|Any CPU
		{4DE3FCB4-E637-4933-8B87-FE1DE7DF2D36}.Release|Mixed Platforms.Build.0 = Release|Any CPU
		{4DE3FCB4-E637-4933-8B87-FE1DE7DF2D36}.Release|x86.ActiveCfg = Release|Any CPU
		{4DE3FCB4-E637-4933-8B87-FE1DE7DF2D36}.Release|x86.Build.0 = Release|Any CPU
		{46E20803-ED70-4605-A132-AC86D6BBCF52}.Ad-Hoc|Any CPU.ActiveCfg = Release|Any CPU
		{46E20803-ED70-4605-A132-AC86D6BBCF52}.Ad-Hoc|Any CPU.Build.0 = Release|Any CPU
		{46E20803-ED70-4605-A132-AC86D6BBCF52}.Ad-Hoc|ARM.ActiveCfg = Release|Any CPU
		{46E20803-ED70-4605-A132-AC86D6BBCF52}.Ad-Hoc|iPhone.ActiveCfg = Debug|Any CPU
		{46E20803-ED70-4605-A132-AC86D6BBCF52}.Ad-Hoc|iPhone.Build.0 = Debug|Any CPU
		{46E20803-ED70-4605-A132-AC86D6BBCF52}.Ad-Hoc|iPhoneSimulator.ActiveCfg = Release|Any CPU
		{46E20803-ED70-4605-A132-AC86D6BBCF52}.Ad-Hoc|Mixed Platforms.ActiveCfg = Release|Any CPU
		{46E20803-ED70-4605-A132-AC86D6BBCF52}.Ad-Hoc|Mixed Platforms.Build.0 = Release|Any CPU
		{46E20803-ED70-4605-A132-AC86D6BBCF52}.Ad-Hoc|x86.ActiveCfg = Release|Any CPU
		{46E20803-ED70-4605-A132-AC86D6BBCF52}.AppStore|Any CPU.ActiveCfg = Release|Any CPU
		{46E20803-ED70-4605-A132-AC86D6BBCF52}.AppStore|Any CPU.Build.0 = Release|Any CPU
		{46E20803-ED70-4605-A132-AC86D6BBCF52}.AppStore|ARM.ActiveCfg = Release|Any CPU
		{46E20803-ED70-4605-A132-AC86D6BBCF52}.AppStore|iPhone.ActiveCfg = Debug|Any CPU
		{46E20803-ED70-4605-A132-AC86D6BBCF52}.AppStore|iPhone.Build.0 = Debug|Any CPU
		{46E20803-ED70-4605-A132-AC86D6BBCF52}.AppStore|iPhoneSimulator.ActiveCfg = Release|Any CPU
		{46E20803-ED70-4605-A132-AC86D6BBCF52}.AppStore|Mixed Platforms.ActiveCfg = Release|Any CPU
		{46E20803-ED70-4605-A132-AC86D6BBCF52}.AppStore|Mixed Platforms.Build.0 = Release|Any CPU
		{46E20803-ED70-4605-A132-AC86D6BBCF52}.AppStore|x86.ActiveCfg = Release|Any CPU
		{46E20803-ED70-4605-A132-AC86D6BBCF52}.Debug|Any CPU.ActiveCfg = Debug|Any CPU
		{46E20803-ED70-4605-A132-AC86D6BBCF52}.Debug|Any CPU.Build.0 = Debug|Any CPU
		{46E20803-ED70-4605-A132-AC86D6BBCF52}.Debug|ARM.ActiveCfg = Debug|Any CPU
		{46E20803-ED70-4605-A132-AC86D6BBCF52}.Debug|ARM.Build.0 = Debug|Any CPU
		{46E20803-ED70-4605-A132-AC86D6BBCF52}.Debug|iPhone.ActiveCfg = Debug|Any CPU
		{46E20803-ED70-4605-A132-AC86D6BBCF52}.Debug|iPhone.Build.0 = Debug|Any CPU
		{46E20803-ED70-4605-A132-AC86D6BBCF52}.Debug|iPhoneSimulator.ActiveCfg = Debug|Any CPU
		{46E20803-ED70-4605-A132-AC86D6BBCF52}.Debug|iPhoneSimulator.Build.0 = Debug|Any CPU
		{46E20803-ED70-4605-A132-AC86D6BBCF52}.Debug|Mixed Platforms.ActiveCfg = Debug|Any CPU
		{46E20803-ED70-4605-A132-AC86D6BBCF52}.Debug|Mixed Platforms.Build.0 = Debug|Any CPU
		{46E20803-ED70-4605-A132-AC86D6BBCF52}.Debug|x86.ActiveCfg = Debug|Any CPU
		{46E20803-ED70-4605-A132-AC86D6BBCF52}.Debug|x86.Build.0 = Debug|Any CPU
		{46E20803-ED70-4605-A132-AC86D6BBCF52}.Release|Any CPU.ActiveCfg = Release|Any CPU
		{46E20803-ED70-4605-A132-AC86D6BBCF52}.Release|Any CPU.Build.0 = Release|Any CPU
		{46E20803-ED70-4605-A132-AC86D6BBCF52}.Release|ARM.ActiveCfg = Release|Any CPU
		{46E20803-ED70-4605-A132-AC86D6BBCF52}.Release|ARM.Build.0 = Release|Any CPU
		{46E20803-ED70-4605-A132-AC86D6BBCF52}.Release|iPhone.ActiveCfg = Release|Any CPU
		{46E20803-ED70-4605-A132-AC86D6BBCF52}.Release|iPhone.Build.0 = Release|Any CPU
		{46E20803-ED70-4605-A132-AC86D6BBCF52}.Release|iPhoneSimulator.ActiveCfg = Release|Any CPU
		{46E20803-ED70-4605-A132-AC86D6BBCF52}.Release|iPhoneSimulator.Build.0 = Release|Any CPU
		{46E20803-ED70-4605-A132-AC86D6BBCF52}.Release|Mixed Platforms.ActiveCfg = Release|Any CPU
		{46E20803-ED70-4605-A132-AC86D6BBCF52}.Release|Mixed Platforms.Build.0 = Release|Any CPU
		{46E20803-ED70-4605-A132-AC86D6BBCF52}.Release|x86.ActiveCfg = Release|Any CPU
		{46E20803-ED70-4605-A132-AC86D6BBCF52}.Release|x86.Build.0 = Release|Any CPU
		{C349DD93-4455-41DB-94F1-E0AE1D8620F1}.Ad-Hoc|Any CPU.ActiveCfg = Release|Any CPU
		{C349DD93-4455-41DB-94F1-E0AE1D8620F1}.Ad-Hoc|Any CPU.Build.0 = Release|Any CPU
		{C349DD93-4455-41DB-94F1-E0AE1D8620F1}.Ad-Hoc|Any CPU.Deploy.0 = Release|Any CPU
		{C349DD93-4455-41DB-94F1-E0AE1D8620F1}.Ad-Hoc|ARM.ActiveCfg = Release|Any CPU
		{C349DD93-4455-41DB-94F1-E0AE1D8620F1}.Ad-Hoc|iPhone.ActiveCfg = Debug|Any CPU
		{C349DD93-4455-41DB-94F1-E0AE1D8620F1}.Ad-Hoc|iPhone.Build.0 = Debug|Any CPU
		{C349DD93-4455-41DB-94F1-E0AE1D8620F1}.Ad-Hoc|iPhoneSimulator.ActiveCfg = Release|Any CPU
		{C349DD93-4455-41DB-94F1-E0AE1D8620F1}.Ad-Hoc|Mixed Platforms.ActiveCfg = Release|Any CPU
		{C349DD93-4455-41DB-94F1-E0AE1D8620F1}.Ad-Hoc|Mixed Platforms.Build.0 = Release|Any CPU
		{C349DD93-4455-41DB-94F1-E0AE1D8620F1}.Ad-Hoc|Mixed Platforms.Deploy.0 = Release|Any CPU
		{C349DD93-4455-41DB-94F1-E0AE1D8620F1}.Ad-Hoc|x86.ActiveCfg = Release|Any CPU
		{C349DD93-4455-41DB-94F1-E0AE1D8620F1}.AppStore|Any CPU.ActiveCfg = Release|Any CPU
		{C349DD93-4455-41DB-94F1-E0AE1D8620F1}.AppStore|Any CPU.Build.0 = Release|Any CPU
		{C349DD93-4455-41DB-94F1-E0AE1D8620F1}.AppStore|Any CPU.Deploy.0 = Release|Any CPU
		{C349DD93-4455-41DB-94F1-E0AE1D8620F1}.AppStore|ARM.ActiveCfg = Release|Any CPU
		{C349DD93-4455-41DB-94F1-E0AE1D8620F1}.AppStore|iPhone.ActiveCfg = Debug|Any CPU
		{C349DD93-4455-41DB-94F1-E0AE1D8620F1}.AppStore|iPhone.Build.0 = Debug|Any CPU
		{C349DD93-4455-41DB-94F1-E0AE1D8620F1}.AppStore|iPhoneSimulator.ActiveCfg = Release|Any CPU
		{C349DD93-4455-41DB-94F1-E0AE1D8620F1}.AppStore|Mixed Platforms.ActiveCfg = Release|Any CPU
		{C349DD93-4455-41DB-94F1-E0AE1D8620F1}.AppStore|Mixed Platforms.Build.0 = Release|Any CPU
		{C349DD93-4455-41DB-94F1-E0AE1D8620F1}.AppStore|Mixed Platforms.Deploy.0 = Release|Any CPU
		{C349DD93-4455-41DB-94F1-E0AE1D8620F1}.AppStore|x86.ActiveCfg = Release|Any CPU
		{C349DD93-4455-41DB-94F1-E0AE1D8620F1}.Debug|Any CPU.ActiveCfg = Debug|Any CPU
		{C349DD93-4455-41DB-94F1-E0AE1D8620F1}.Debug|Any CPU.Build.0 = Debug|Any CPU
		{C349DD93-4455-41DB-94F1-E0AE1D8620F1}.Debug|ARM.ActiveCfg = Debug|Any CPU
		{C349DD93-4455-41DB-94F1-E0AE1D8620F1}.Debug|ARM.Build.0 = Debug|Any CPU
		{C349DD93-4455-41DB-94F1-E0AE1D8620F1}.Debug|iPhone.ActiveCfg = Debug|Any CPU
		{C349DD93-4455-41DB-94F1-E0AE1D8620F1}.Debug|iPhone.Build.0 = Debug|Any CPU
		{C349DD93-4455-41DB-94F1-E0AE1D8620F1}.Debug|iPhoneSimulator.ActiveCfg = Debug|Any CPU
		{C349DD93-4455-41DB-94F1-E0AE1D8620F1}.Debug|iPhoneSimulator.Build.0 = Debug|Any CPU
		{C349DD93-4455-41DB-94F1-E0AE1D8620F1}.Debug|Mixed Platforms.ActiveCfg = Debug|Any CPU
		{C349DD93-4455-41DB-94F1-E0AE1D8620F1}.Debug|Mixed Platforms.Build.0 = Debug|Any CPU
		{C349DD93-4455-41DB-94F1-E0AE1D8620F1}.Debug|x86.ActiveCfg = Debug|Any CPU
		{C349DD93-4455-41DB-94F1-E0AE1D8620F1}.Debug|x86.Build.0 = Debug|Any CPU
		{C349DD93-4455-41DB-94F1-E0AE1D8620F1}.Release|Any CPU.ActiveCfg = Release|Any CPU
		{C349DD93-4455-41DB-94F1-E0AE1D8620F1}.Release|Any CPU.Build.0 = Release|Any CPU
		{C349DD93-4455-41DB-94F1-E0AE1D8620F1}.Release|ARM.ActiveCfg = Release|Any CPU
		{C349DD93-4455-41DB-94F1-E0AE1D8620F1}.Release|ARM.Build.0 = Release|Any CPU
		{C349DD93-4455-41DB-94F1-E0AE1D8620F1}.Release|iPhone.ActiveCfg = Release|Any CPU
		{C349DD93-4455-41DB-94F1-E0AE1D8620F1}.Release|iPhone.Build.0 = Release|Any CPU
		{C349DD93-4455-41DB-94F1-E0AE1D8620F1}.Release|iPhoneSimulator.ActiveCfg = Release|Any CPU
		{C349DD93-4455-41DB-94F1-E0AE1D8620F1}.Release|iPhoneSimulator.Build.0 = Release|Any CPU
		{C349DD93-4455-41DB-94F1-E0AE1D8620F1}.Release|Mixed Platforms.ActiveCfg = Release|Any CPU
		{C349DD93-4455-41DB-94F1-E0AE1D8620F1}.Release|Mixed Platforms.Build.0 = Release|Any CPU
		{C349DD93-4455-41DB-94F1-E0AE1D8620F1}.Release|x86.ActiveCfg = Release|Any CPU
		{C349DD93-4455-41DB-94F1-E0AE1D8620F1}.Release|x86.Build.0 = Release|Any CPU
		{E4A4C29D-1D31-4A29-8EF0-4631FF50DFFE}.Ad-Hoc|Any CPU.ActiveCfg = Ad-Hoc|iPhoneSimulator
		{E4A4C29D-1D31-4A29-8EF0-4631FF50DFFE}.Ad-Hoc|ARM.ActiveCfg = Ad-Hoc|iPhoneSimulator
		{E4A4C29D-1D31-4A29-8EF0-4631FF50DFFE}.Ad-Hoc|iPhone.ActiveCfg = Ad-Hoc|iPhone
		{E4A4C29D-1D31-4A29-8EF0-4631FF50DFFE}.Ad-Hoc|iPhone.Build.0 = Ad-Hoc|iPhone
		{E4A4C29D-1D31-4A29-8EF0-4631FF50DFFE}.Ad-Hoc|iPhoneSimulator.ActiveCfg = Ad-Hoc|iPhoneSimulator
		{E4A4C29D-1D31-4A29-8EF0-4631FF50DFFE}.Ad-Hoc|iPhoneSimulator.Build.0 = Ad-Hoc|iPhoneSimulator
		{E4A4C29D-1D31-4A29-8EF0-4631FF50DFFE}.Ad-Hoc|iPhoneSimulator.Deploy.0 = Ad-Hoc|iPhoneSimulator
		{E4A4C29D-1D31-4A29-8EF0-4631FF50DFFE}.Ad-Hoc|Mixed Platforms.ActiveCfg = Ad-Hoc|iPhoneSimulator
		{E4A4C29D-1D31-4A29-8EF0-4631FF50DFFE}.Ad-Hoc|Mixed Platforms.Build.0 = Ad-Hoc|iPhoneSimulator
		{E4A4C29D-1D31-4A29-8EF0-4631FF50DFFE}.Ad-Hoc|Mixed Platforms.Deploy.0 = Ad-Hoc|iPhoneSimulator
		{E4A4C29D-1D31-4A29-8EF0-4631FF50DFFE}.Ad-Hoc|x86.ActiveCfg = Ad-Hoc|iPhoneSimulator
		{E4A4C29D-1D31-4A29-8EF0-4631FF50DFFE}.AppStore|Any CPU.ActiveCfg = AppStore|iPhoneSimulator
		{E4A4C29D-1D31-4A29-8EF0-4631FF50DFFE}.AppStore|ARM.ActiveCfg = AppStore|iPhoneSimulator
		{E4A4C29D-1D31-4A29-8EF0-4631FF50DFFE}.AppStore|iPhone.ActiveCfg = AppStore|iPhone
		{E4A4C29D-1D31-4A29-8EF0-4631FF50DFFE}.AppStore|iPhone.Build.0 = AppStore|iPhone
		{E4A4C29D-1D31-4A29-8EF0-4631FF50DFFE}.AppStore|iPhoneSimulator.ActiveCfg = AppStore|iPhoneSimulator
		{E4A4C29D-1D31-4A29-8EF0-4631FF50DFFE}.AppStore|iPhoneSimulator.Build.0 = AppStore|iPhoneSimulator
		{E4A4C29D-1D31-4A29-8EF0-4631FF50DFFE}.AppStore|iPhoneSimulator.Deploy.0 = AppStore|iPhoneSimulator
		{E4A4C29D-1D31-4A29-8EF0-4631FF50DFFE}.AppStore|Mixed Platforms.ActiveCfg = AppStore|iPhoneSimulator
		{E4A4C29D-1D31-4A29-8EF0-4631FF50DFFE}.AppStore|Mixed Platforms.Build.0 = AppStore|iPhoneSimulator
		{E4A4C29D-1D31-4A29-8EF0-4631FF50DFFE}.AppStore|Mixed Platforms.Deploy.0 = AppStore|iPhoneSimulator
		{E4A4C29D-1D31-4A29-8EF0-4631FF50DFFE}.AppStore|x86.ActiveCfg = AppStore|iPhoneSimulator
		{E4A4C29D-1D31-4A29-8EF0-4631FF50DFFE}.Debug|Any CPU.ActiveCfg = Debug|iPhoneSimulator
		{E4A4C29D-1D31-4A29-8EF0-4631FF50DFFE}.Debug|Any CPU.Build.0 = Debug|iPhoneSimulator
		{E4A4C29D-1D31-4A29-8EF0-4631FF50DFFE}.Debug|ARM.ActiveCfg = Debug|iPhoneSimulator
		{E4A4C29D-1D31-4A29-8EF0-4631FF50DFFE}.Debug|ARM.Build.0 = Debug|iPhoneSimulator
		{E4A4C29D-1D31-4A29-8EF0-4631FF50DFFE}.Debug|iPhone.ActiveCfg = Debug|iPhone
		{E4A4C29D-1D31-4A29-8EF0-4631FF50DFFE}.Debug|iPhone.Build.0 = Debug|iPhone
		{E4A4C29D-1D31-4A29-8EF0-4631FF50DFFE}.Debug|iPhoneSimulator.ActiveCfg = Debug|iPhoneSimulator
		{E4A4C29D-1D31-4A29-8EF0-4631FF50DFFE}.Debug|iPhoneSimulator.Build.0 = Debug|iPhoneSimulator
		{E4A4C29D-1D31-4A29-8EF0-4631FF50DFFE}.Debug|Mixed Platforms.ActiveCfg = Debug|iPhoneSimulator
		{E4A4C29D-1D31-4A29-8EF0-4631FF50DFFE}.Debug|Mixed Platforms.Build.0 = Debug|iPhoneSimulator
		{E4A4C29D-1D31-4A29-8EF0-4631FF50DFFE}.Debug|x86.ActiveCfg = Debug|iPhoneSimulator
		{E4A4C29D-1D31-4A29-8EF0-4631FF50DFFE}.Debug|x86.Build.0 = Debug|iPhoneSimulator
		{E4A4C29D-1D31-4A29-8EF0-4631FF50DFFE}.Release|Any CPU.ActiveCfg = Release|iPhoneSimulator
		{E4A4C29D-1D31-4A29-8EF0-4631FF50DFFE}.Release|Any CPU.Build.0 = Release|iPhoneSimulator
		{E4A4C29D-1D31-4A29-8EF0-4631FF50DFFE}.Release|ARM.ActiveCfg = Release|iPhoneSimulator
		{E4A4C29D-1D31-4A29-8EF0-4631FF50DFFE}.Release|ARM.Build.0 = Release|iPhoneSimulator
		{E4A4C29D-1D31-4A29-8EF0-4631FF50DFFE}.Release|iPhone.ActiveCfg = Release|iPhone
		{E4A4C29D-1D31-4A29-8EF0-4631FF50DFFE}.Release|iPhone.Build.0 = Release|iPhone
		{E4A4C29D-1D31-4A29-8EF0-4631FF50DFFE}.Release|iPhoneSimulator.ActiveCfg = Release|iPhoneSimulator
		{E4A4C29D-1D31-4A29-8EF0-4631FF50DFFE}.Release|iPhoneSimulator.Build.0 = Release|iPhoneSimulator
		{E4A4C29D-1D31-4A29-8EF0-4631FF50DFFE}.Release|Mixed Platforms.ActiveCfg = Release|iPhoneSimulator
		{E4A4C29D-1D31-4A29-8EF0-4631FF50DFFE}.Release|Mixed Platforms.Build.0 = Release|iPhoneSimulator
		{E4A4C29D-1D31-4A29-8EF0-4631FF50DFFE}.Release|x86.ActiveCfg = Release|iPhoneSimulator
		{E4A4C29D-1D31-4A29-8EF0-4631FF50DFFE}.Release|x86.Build.0 = Release|iPhoneSimulator
		{BBB535FD-F6FD-4B1E-818B-10A0E5B053F9}.Ad-Hoc|Any CPU.ActiveCfg = Release|Any CPU
		{BBB535FD-F6FD-4B1E-818B-10A0E5B053F9}.Ad-Hoc|Any CPU.Build.0 = Release|Any CPU
		{BBB535FD-F6FD-4B1E-818B-10A0E5B053F9}.Ad-Hoc|Any CPU.Deploy.0 = Release|Any CPU
		{BBB535FD-F6FD-4B1E-818B-10A0E5B053F9}.Ad-Hoc|ARM.ActiveCfg = Release|ARM
		{BBB535FD-F6FD-4B1E-818B-10A0E5B053F9}.Ad-Hoc|ARM.Build.0 = Release|ARM
		{BBB535FD-F6FD-4B1E-818B-10A0E5B053F9}.Ad-Hoc|ARM.Deploy.0 = Release|ARM
		{BBB535FD-F6FD-4B1E-818B-10A0E5B053F9}.Ad-Hoc|iPhone.ActiveCfg = Release|Any CPU
		{BBB535FD-F6FD-4B1E-818B-10A0E5B053F9}.Ad-Hoc|iPhoneSimulator.ActiveCfg = Release|Any CPU
		{BBB535FD-F6FD-4B1E-818B-10A0E5B053F9}.Ad-Hoc|Mixed Platforms.ActiveCfg = Release|x86
		{BBB535FD-F6FD-4B1E-818B-10A0E5B053F9}.Ad-Hoc|Mixed Platforms.Build.0 = Release|x86
		{BBB535FD-F6FD-4B1E-818B-10A0E5B053F9}.Ad-Hoc|Mixed Platforms.Deploy.0 = Release|x86
		{BBB535FD-F6FD-4B1E-818B-10A0E5B053F9}.Ad-Hoc|x86.ActiveCfg = Release|x86
		{BBB535FD-F6FD-4B1E-818B-10A0E5B053F9}.Ad-Hoc|x86.Build.0 = Release|x86
		{BBB535FD-F6FD-4B1E-818B-10A0E5B053F9}.Ad-Hoc|x86.Deploy.0 = Release|x86
		{BBB535FD-F6FD-4B1E-818B-10A0E5B053F9}.AppStore|Any CPU.ActiveCfg = Release|Any CPU
		{BBB535FD-F6FD-4B1E-818B-10A0E5B053F9}.AppStore|Any CPU.Build.0 = Release|Any CPU
		{BBB535FD-F6FD-4B1E-818B-10A0E5B053F9}.AppStore|Any CPU.Deploy.0 = Release|Any CPU
		{BBB535FD-F6FD-4B1E-818B-10A0E5B053F9}.AppStore|ARM.ActiveCfg = Release|ARM
		{BBB535FD-F6FD-4B1E-818B-10A0E5B053F9}.AppStore|ARM.Build.0 = Release|ARM
		{BBB535FD-F6FD-4B1E-818B-10A0E5B053F9}.AppStore|ARM.Deploy.0 = Release|ARM
		{BBB535FD-F6FD-4B1E-818B-10A0E5B053F9}.AppStore|iPhone.ActiveCfg = Release|Any CPU
		{BBB535FD-F6FD-4B1E-818B-10A0E5B053F9}.AppStore|iPhoneSimulator.ActiveCfg = Release|Any CPU
		{BBB535FD-F6FD-4B1E-818B-10A0E5B053F9}.AppStore|Mixed Platforms.ActiveCfg = Release|x86
		{BBB535FD-F6FD-4B1E-818B-10A0E5B053F9}.AppStore|Mixed Platforms.Build.0 = Release|x86
		{BBB535FD-F6FD-4B1E-818B-10A0E5B053F9}.AppStore|Mixed Platforms.Deploy.0 = Release|x86
		{BBB535FD-F6FD-4B1E-818B-10A0E5B053F9}.AppStore|x86.ActiveCfg = Release|x86
		{BBB535FD-F6FD-4B1E-818B-10A0E5B053F9}.AppStore|x86.Build.0 = Release|x86
		{BBB535FD-F6FD-4B1E-818B-10A0E5B053F9}.AppStore|x86.Deploy.0 = Release|x86
		{BBB535FD-F6FD-4B1E-818B-10A0E5B053F9}.Debug|Any CPU.ActiveCfg = Debug|Any CPU
		{BBB535FD-F6FD-4B1E-818B-10A0E5B053F9}.Debug|Any CPU.Build.0 = Debug|Any CPU
		{BBB535FD-F6FD-4B1E-818B-10A0E5B053F9}.Debug|Any CPU.Deploy.0 = Debug|Any CPU
		{BBB535FD-F6FD-4B1E-818B-10A0E5B053F9}.Debug|ARM.ActiveCfg = Debug|ARM
		{BBB535FD-F6FD-4B1E-818B-10A0E5B053F9}.Debug|ARM.Build.0 = Debug|ARM
		{BBB535FD-F6FD-4B1E-818B-10A0E5B053F9}.Debug|ARM.Deploy.0 = Debug|ARM
		{BBB535FD-F6FD-4B1E-818B-10A0E5B053F9}.Debug|iPhone.ActiveCfg = Debug|Any CPU
		{BBB535FD-F6FD-4B1E-818B-10A0E5B053F9}.Debug|iPhoneSimulator.ActiveCfg = Debug|Any CPU
		{BBB535FD-F6FD-4B1E-818B-10A0E5B053F9}.Debug|Mixed Platforms.ActiveCfg = Debug|x86
		{BBB535FD-F6FD-4B1E-818B-10A0E5B053F9}.Debug|Mixed Platforms.Build.0 = Debug|x86
		{BBB535FD-F6FD-4B1E-818B-10A0E5B053F9}.Debug|Mixed Platforms.Deploy.0 = Debug|x86
		{BBB535FD-F6FD-4B1E-818B-10A0E5B053F9}.Debug|x86.ActiveCfg = Debug|x86
		{BBB535FD-F6FD-4B1E-818B-10A0E5B053F9}.Debug|x86.Build.0 = Debug|x86
		{BBB535FD-F6FD-4B1E-818B-10A0E5B053F9}.Debug|x86.Deploy.0 = Debug|x86
		{BBB535FD-F6FD-4B1E-818B-10A0E5B053F9}.Release|Any CPU.ActiveCfg = Release|Any CPU
		{BBB535FD-F6FD-4B1E-818B-10A0E5B053F9}.Release|Any CPU.Build.0 = Release|Any CPU
		{BBB535FD-F6FD-4B1E-818B-10A0E5B053F9}.Release|Any CPU.Deploy.0 = Release|Any CPU
		{BBB535FD-F6FD-4B1E-818B-10A0E5B053F9}.Release|ARM.ActiveCfg = Release|ARM
		{BBB535FD-F6FD-4B1E-818B-10A0E5B053F9}.Release|ARM.Build.0 = Release|ARM
		{BBB535FD-F6FD-4B1E-818B-10A0E5B053F9}.Release|ARM.Deploy.0 = Release|ARM
		{BBB535FD-F6FD-4B1E-818B-10A0E5B053F9}.Release|iPhone.ActiveCfg = Release|Any CPU
		{BBB535FD-F6FD-4B1E-818B-10A0E5B053F9}.Release|iPhoneSimulator.ActiveCfg = Release|Any CPU
		{BBB535FD-F6FD-4B1E-818B-10A0E5B053F9}.Release|Mixed Platforms.ActiveCfg = Release|x86
		{BBB535FD-F6FD-4B1E-818B-10A0E5B053F9}.Release|Mixed Platforms.Build.0 = Release|x86
		{BBB535FD-F6FD-4B1E-818B-10A0E5B053F9}.Release|Mixed Platforms.Deploy.0 = Release|x86
		{BBB535FD-F6FD-4B1E-818B-10A0E5B053F9}.Release|x86.ActiveCfg = Release|x86
		{BBB535FD-F6FD-4B1E-818B-10A0E5B053F9}.Release|x86.Build.0 = Release|x86
		{BBB535FD-F6FD-4B1E-818B-10A0E5B053F9}.Release|x86.Deploy.0 = Release|x86
		{056D71A3-CADA-4744-9DF3-5F4F0410AC1F}.Ad-Hoc|Any CPU.ActiveCfg = Release|Any CPU
		{056D71A3-CADA-4744-9DF3-5F4F0410AC1F}.Ad-Hoc|Any CPU.Build.0 = Release|Any CPU
		{056D71A3-CADA-4744-9DF3-5F4F0410AC1F}.Ad-Hoc|ARM.ActiveCfg = Release|Any CPU
		{056D71A3-CADA-4744-9DF3-5F4F0410AC1F}.Ad-Hoc|iPhone.ActiveCfg = Release|Any CPU
		{056D71A3-CADA-4744-9DF3-5F4F0410AC1F}.Ad-Hoc|iPhoneSimulator.ActiveCfg = Release|Any CPU
		{056D71A3-CADA-4744-9DF3-5F4F0410AC1F}.Ad-Hoc|Mixed Platforms.ActiveCfg = Release|Any CPU
		{056D71A3-CADA-4744-9DF3-5F4F0410AC1F}.Ad-Hoc|Mixed Platforms.Build.0 = Release|Any CPU
		{056D71A3-CADA-4744-9DF3-5F4F0410AC1F}.Ad-Hoc|x86.ActiveCfg = Release|Any CPU
		{056D71A3-CADA-4744-9DF3-5F4F0410AC1F}.AppStore|Any CPU.ActiveCfg = Release|Any CPU
		{056D71A3-CADA-4744-9DF3-5F4F0410AC1F}.AppStore|Any CPU.Build.0 = Release|Any CPU
		{056D71A3-CADA-4744-9DF3-5F4F0410AC1F}.AppStore|ARM.ActiveCfg = Release|Any CPU
		{056D71A3-CADA-4744-9DF3-5F4F0410AC1F}.AppStore|iPhone.ActiveCfg = Release|Any CPU
		{056D71A3-CADA-4744-9DF3-5F4F0410AC1F}.AppStore|iPhoneSimulator.ActiveCfg = Release|Any CPU
		{056D71A3-CADA-4744-9DF3-5F4F0410AC1F}.AppStore|Mixed Platforms.ActiveCfg = Release|Any CPU
		{056D71A3-CADA-4744-9DF3-5F4F0410AC1F}.AppStore|Mixed Platforms.Build.0 = Release|Any CPU
		{056D71A3-CADA-4744-9DF3-5F4F0410AC1F}.AppStore|x86.ActiveCfg = Release|Any CPU
		{056D71A3-CADA-4744-9DF3-5F4F0410AC1F}.Debug|Any CPU.ActiveCfg = Debug|Any CPU
		{056D71A3-CADA-4744-9DF3-5F4F0410AC1F}.Debug|Any CPU.Build.0 = Debug|Any CPU
		{056D71A3-CADA-4744-9DF3-5F4F0410AC1F}.Debug|ARM.ActiveCfg = Debug|Any CPU
		{056D71A3-CADA-4744-9DF3-5F4F0410AC1F}.Debug|iPhone.ActiveCfg = Debug|Any CPU
		{056D71A3-CADA-4744-9DF3-5F4F0410AC1F}.Debug|iPhoneSimulator.ActiveCfg = Debug|Any CPU
		{056D71A3-CADA-4744-9DF3-5F4F0410AC1F}.Debug|Mixed Platforms.ActiveCfg = Debug|Any CPU
		{056D71A3-CADA-4744-9DF3-5F4F0410AC1F}.Debug|Mixed Platforms.Build.0 = Debug|Any CPU
		{056D71A3-CADA-4744-9DF3-5F4F0410AC1F}.Debug|x86.ActiveCfg = Debug|Any CPU
		{056D71A3-CADA-4744-9DF3-5F4F0410AC1F}.Release|Any CPU.ActiveCfg = Release|Any CPU
		{056D71A3-CADA-4744-9DF3-5F4F0410AC1F}.Release|Any CPU.Build.0 = Release|Any CPU
		{056D71A3-CADA-4744-9DF3-5F4F0410AC1F}.Release|ARM.ActiveCfg = Release|Any CPU
		{056D71A3-CADA-4744-9DF3-5F4F0410AC1F}.Release|iPhone.ActiveCfg = Release|Any CPU
		{056D71A3-CADA-4744-9DF3-5F4F0410AC1F}.Release|iPhoneSimulator.ActiveCfg = Release|Any CPU
		{056D71A3-CADA-4744-9DF3-5F4F0410AC1F}.Release|Mixed Platforms.ActiveCfg = Release|Any CPU
		{056D71A3-CADA-4744-9DF3-5F4F0410AC1F}.Release|Mixed Platforms.Build.0 = Release|Any CPU
		{056D71A3-CADA-4744-9DF3-5F4F0410AC1F}.Release|x86.ActiveCfg = Release|Any CPU
		{6476633B-4FF3-4C01-BE15-4D86B347CAE9}.Ad-Hoc|Any CPU.ActiveCfg = Release|Any CPU
		{6476633B-4FF3-4C01-BE15-4D86B347CAE9}.Ad-Hoc|Any CPU.Build.0 = Release|Any CPU
		{6476633B-4FF3-4C01-BE15-4D86B347CAE9}.Ad-Hoc|ARM.ActiveCfg = Release|Any CPU
		{6476633B-4FF3-4C01-BE15-4D86B347CAE9}.Ad-Hoc|iPhone.ActiveCfg = Release|Any CPU
		{6476633B-4FF3-4C01-BE15-4D86B347CAE9}.Ad-Hoc|iPhoneSimulator.ActiveCfg = Release|Any CPU
		{6476633B-4FF3-4C01-BE15-4D86B347CAE9}.Ad-Hoc|Mixed Platforms.ActiveCfg = Release|Any CPU
		{6476633B-4FF3-4C01-BE15-4D86B347CAE9}.Ad-Hoc|Mixed Platforms.Build.0 = Release|Any CPU
		{6476633B-4FF3-4C01-BE15-4D86B347CAE9}.Ad-Hoc|x86.ActiveCfg = Release|Any CPU
		{6476633B-4FF3-4C01-BE15-4D86B347CAE9}.AppStore|Any CPU.ActiveCfg = Release|Any CPU
		{6476633B-4FF3-4C01-BE15-4D86B347CAE9}.AppStore|Any CPU.Build.0 = Release|Any CPU
		{6476633B-4FF3-4C01-BE15-4D86B347CAE9}.AppStore|ARM.ActiveCfg = Release|Any CPU
		{6476633B-4FF3-4C01-BE15-4D86B347CAE9}.AppStore|iPhone.ActiveCfg = Release|Any CPU
		{6476633B-4FF3-4C01-BE15-4D86B347CAE9}.AppStore|iPhoneSimulator.ActiveCfg = Release|Any CPU
		{6476633B-4FF3-4C01-BE15-4D86B347CAE9}.AppStore|Mixed Platforms.ActiveCfg = Release|Any CPU
		{6476633B-4FF3-4C01-BE15-4D86B347CAE9}.AppStore|Mixed Platforms.Build.0 = Release|Any CPU
		{6476633B-4FF3-4C01-BE15-4D86B347CAE9}.AppStore|x86.ActiveCfg = Release|Any CPU
		{6476633B-4FF3-4C01-BE15-4D86B347CAE9}.Debug|Any CPU.ActiveCfg = Debug|Any CPU
		{6476633B-4FF3-4C01-BE15-4D86B347CAE9}.Debug|Any CPU.Build.0 = Debug|Any CPU
		{6476633B-4FF3-4C01-BE15-4D86B347CAE9}.Debug|ARM.ActiveCfg = Debug|Any CPU
		{6476633B-4FF3-4C01-BE15-4D86B347CAE9}.Debug|iPhone.ActiveCfg = Debug|Any CPU
		{6476633B-4FF3-4C01-BE15-4D86B347CAE9}.Debug|iPhoneSimulator.ActiveCfg = Debug|Any CPU
		{6476633B-4FF3-4C01-BE15-4D86B347CAE9}.Debug|Mixed Platforms.ActiveCfg = Debug|Any CPU
		{6476633B-4FF3-4C01-BE15-4D86B347CAE9}.Debug|Mixed Platforms.Build.0 = Debug|Any CPU
		{6476633B-4FF3-4C01-BE15-4D86B347CAE9}.Debug|x86.ActiveCfg = Debug|Any CPU
		{6476633B-4FF3-4C01-BE15-4D86B347CAE9}.Release|Any CPU.ActiveCfg = Release|Any CPU
		{6476633B-4FF3-4C01-BE15-4D86B347CAE9}.Release|Any CPU.Build.0 = Release|Any CPU
		{6476633B-4FF3-4C01-BE15-4D86B347CAE9}.Release|ARM.ActiveCfg = Release|Any CPU
		{6476633B-4FF3-4C01-BE15-4D86B347CAE9}.Release|iPhone.ActiveCfg = Release|Any CPU
		{6476633B-4FF3-4C01-BE15-4D86B347CAE9}.Release|iPhoneSimulator.ActiveCfg = Release|Any CPU
		{6476633B-4FF3-4C01-BE15-4D86B347CAE9}.Release|Mixed Platforms.ActiveCfg = Release|Any CPU
		{6476633B-4FF3-4C01-BE15-4D86B347CAE9}.Release|Mixed Platforms.Build.0 = Release|Any CPU
		{6476633B-4FF3-4C01-BE15-4D86B347CAE9}.Release|x86.ActiveCfg = Release|Any CPU
		{DEE2B039-7F26-4730-8FC0-FDB19831A564}.Ad-Hoc|Any CPU.ActiveCfg = Release|Any CPU
		{DEE2B039-7F26-4730-8FC0-FDB19831A564}.Ad-Hoc|Any CPU.Build.0 = Release|Any CPU
		{DEE2B039-7F26-4730-8FC0-FDB19831A564}.Ad-Hoc|ARM.ActiveCfg = Release|Any CPU
		{DEE2B039-7F26-4730-8FC0-FDB19831A564}.Ad-Hoc|iPhone.ActiveCfg = Release|Any CPU
		{DEE2B039-7F26-4730-8FC0-FDB19831A564}.Ad-Hoc|iPhoneSimulator.ActiveCfg = Release|Any CPU
		{DEE2B039-7F26-4730-8FC0-FDB19831A564}.Ad-Hoc|Mixed Platforms.ActiveCfg = Release|Any CPU
		{DEE2B039-7F26-4730-8FC0-FDB19831A564}.Ad-Hoc|Mixed Platforms.Build.0 = Release|Any CPU
		{DEE2B039-7F26-4730-8FC0-FDB19831A564}.Ad-Hoc|x86.ActiveCfg = Release|Any CPU
		{DEE2B039-7F26-4730-8FC0-FDB19831A564}.AppStore|Any CPU.ActiveCfg = Release|Any CPU
		{DEE2B039-7F26-4730-8FC0-FDB19831A564}.AppStore|Any CPU.Build.0 = Release|Any CPU
		{DEE2B039-7F26-4730-8FC0-FDB19831A564}.AppStore|ARM.ActiveCfg = Release|Any CPU
		{DEE2B039-7F26-4730-8FC0-FDB19831A564}.AppStore|iPhone.ActiveCfg = Release|Any CPU
		{DEE2B039-7F26-4730-8FC0-FDB19831A564}.AppStore|iPhoneSimulator.ActiveCfg = Release|Any CPU
		{DEE2B039-7F26-4730-8FC0-FDB19831A564}.AppStore|Mixed Platforms.ActiveCfg = Release|Any CPU
		{DEE2B039-7F26-4730-8FC0-FDB19831A564}.AppStore|Mixed Platforms.Build.0 = Release|Any CPU
		{DEE2B039-7F26-4730-8FC0-FDB19831A564}.AppStore|x86.ActiveCfg = Release|Any CPU
		{DEE2B039-7F26-4730-8FC0-FDB19831A564}.Debug|Any CPU.ActiveCfg = Debug|Any CPU
		{DEE2B039-7F26-4730-8FC0-FDB19831A564}.Debug|Any CPU.Build.0 = Debug|Any CPU
		{DEE2B039-7F26-4730-8FC0-FDB19831A564}.Debug|ARM.ActiveCfg = Debug|Any CPU
		{DEE2B039-7F26-4730-8FC0-FDB19831A564}.Debug|iPhone.ActiveCfg = Debug|Any CPU
		{DEE2B039-7F26-4730-8FC0-FDB19831A564}.Debug|iPhoneSimulator.ActiveCfg = Debug|Any CPU
		{DEE2B039-7F26-4730-8FC0-FDB19831A564}.Debug|Mixed Platforms.ActiveCfg = Debug|Any CPU
		{DEE2B039-7F26-4730-8FC0-FDB19831A564}.Debug|Mixed Platforms.Build.0 = Debug|Any CPU
		{DEE2B039-7F26-4730-8FC0-FDB19831A564}.Debug|x86.ActiveCfg = Debug|Any CPU
		{DEE2B039-7F26-4730-8FC0-FDB19831A564}.Release|Any CPU.ActiveCfg = Release|Any CPU
		{DEE2B039-7F26-4730-8FC0-FDB19831A564}.Release|Any CPU.Build.0 = Release|Any CPU
		{DEE2B039-7F26-4730-8FC0-FDB19831A564}.Release|ARM.ActiveCfg = Release|Any CPU
		{DEE2B039-7F26-4730-8FC0-FDB19831A564}.Release|iPhone.ActiveCfg = Release|Any CPU
		{DEE2B039-7F26-4730-8FC0-FDB19831A564}.Release|iPhoneSimulator.ActiveCfg = Release|Any CPU
		{DEE2B039-7F26-4730-8FC0-FDB19831A564}.Release|Mixed Platforms.ActiveCfg = Release|Any CPU
		{DEE2B039-7F26-4730-8FC0-FDB19831A564}.Release|Mixed Platforms.Build.0 = Release|Any CPU
		{DEE2B039-7F26-4730-8FC0-FDB19831A564}.Release|x86.ActiveCfg = Release|Any CPU
	EndGlobalSection
	GlobalSection(SolutionProperties) = preSolution
		HideSolutionNode = FALSE
	EndGlobalSection
	GlobalSection(MonoDevelopProperties) = preSolution
		StartupItem = FHSDKTest\FHSDKTest.csproj
	EndGlobalSection
EndGlobal
